// !$*UTF8*$!
{
	archiveVersion = 1;
	classes = {
	};
	objectVersion = 46;
	objects = {

/* Begin PBXBuildFile section */
		114ADBAD14EC354700463F0C /* Flight.m in Sources */ = {isa = PBXBuildFile; fileRef = 114ADBAC14EC354700463F0C /* Flight.m */; };
		114ADBB114EC41C700463F0C /* Airport.m in Sources */ = {isa = PBXBuildFile; fileRef = 114ADBB014EC41C700463F0C /* Airport.m */; };
		117C48C314EB64F60049452F /* Foundation.framework in Frameworks */ = {isa = PBXBuildFile; fileRef = 11C5DFAD14DCCDDF006D1DB4 /* Foundation.framework */; };
		117C48D014EB652F0049452F /* ABTableViewCell.m in Sources */ = {isa = PBXBuildFile; fileRef = 117C48CE14EB652F0049452F /* ABTableViewCell.m */; };
		117C48D114EB65530049452F /* UIKit.framework in Frameworks */ = {isa = PBXBuildFile; fileRef = 11C5DFAB14DCCDDF006D1DB4 /* UIKit.framework */; };
		117C48D414EB65760049452F /* libABTableViewCell.a in Frameworks */ = {isa = PBXBuildFile; fileRef = 117C48C214EB64F60049452F /* libABTableViewCell.a */; };
		117C48D714EB66140049452F /* Constants.m in Sources */ = {isa = PBXBuildFile; fileRef = 117C48D614EB66140049452F /* Constants.m */; };
		117C48DB14EB68D10049452F /* libFlurryAnalytics.a in Frameworks */ = {isa = PBXBuildFile; fileRef = 117C48DA14EB68D10049452F /* libFlurryAnalytics.a */; };
		11AE975714EB57F000F7ED46 /* Foundation.framework in Frameworks */ = {isa = PBXBuildFile; fileRef = 11C5DFAD14DCCDDF006D1DB4 /* Foundation.framework */; };
		11AE977614EB582600F7ED46 /* ASIHTTPRequestConfig.h in Headers */ = {isa = PBXBuildFile; fileRef = 11AE976214EB582600F7ED46 /* ASIHTTPRequestConfig.h */; };
		11AE977714EB582600F7ED46 /* ASICacheDelegate.h in Headers */ = {isa = PBXBuildFile; fileRef = 11AE976314EB582600F7ED46 /* ASICacheDelegate.h */; };
		11AE977814EB582600F7ED46 /* ASIHTTPRequestDelegate.h in Headers */ = {isa = PBXBuildFile; fileRef = 11AE976414EB582600F7ED46 /* ASIHTTPRequestDelegate.h */; };
		11AE977914EB582600F7ED46 /* ASIProgressDelegate.h in Headers */ = {isa = PBXBuildFile; fileRef = 11AE976514EB582600F7ED46 /* ASIProgressDelegate.h */; };
		11AE977A14EB582600F7ED46 /* ASIAuthenticationDialog.h in Headers */ = {isa = PBXBuildFile; fileRef = 11AE976614EB582600F7ED46 /* ASIAuthenticationDialog.h */; };
		11AE977B14EB582600F7ED46 /* ASIAuthenticationDialog.m in Sources */ = {isa = PBXBuildFile; fileRef = 11AE976714EB582600F7ED46 /* ASIAuthenticationDialog.m */; };
		11AE977C14EB582600F7ED46 /* ASIInputStream.h in Headers */ = {isa = PBXBuildFile; fileRef = 11AE976814EB582600F7ED46 /* ASIInputStream.h */; };
		11AE977D14EB582600F7ED46 /* ASIInputStream.m in Sources */ = {isa = PBXBuildFile; fileRef = 11AE976914EB582600F7ED46 /* ASIInputStream.m */; };
		11AE977E14EB582600F7ED46 /* ASIFormDataRequest.h in Headers */ = {isa = PBXBuildFile; fileRef = 11AE976A14EB582600F7ED46 /* ASIFormDataRequest.h */; };
		11AE977F14EB582600F7ED46 /* ASIFormDataRequest.m in Sources */ = {isa = PBXBuildFile; fileRef = 11AE976B14EB582600F7ED46 /* ASIFormDataRequest.m */; };
		11AE978014EB582600F7ED46 /* ASIHTTPRequest.h in Headers */ = {isa = PBXBuildFile; fileRef = 11AE976C14EB582600F7ED46 /* ASIHTTPRequest.h */; };
		11AE978114EB582600F7ED46 /* ASIHTTPRequest.m in Sources */ = {isa = PBXBuildFile; fileRef = 11AE976D14EB582600F7ED46 /* ASIHTTPRequest.m */; };
		11AE978214EB582600F7ED46 /* ASINetworkQueue.h in Headers */ = {isa = PBXBuildFile; fileRef = 11AE976E14EB582600F7ED46 /* ASINetworkQueue.h */; };
		11AE978314EB582600F7ED46 /* ASINetworkQueue.m in Sources */ = {isa = PBXBuildFile; fileRef = 11AE976F14EB582600F7ED46 /* ASINetworkQueue.m */; };
		11AE978414EB582600F7ED46 /* ASIDownloadCache.h in Headers */ = {isa = PBXBuildFile; fileRef = 11AE977014EB582600F7ED46 /* ASIDownloadCache.h */; };
		11AE978514EB582600F7ED46 /* ASIDownloadCache.m in Sources */ = {isa = PBXBuildFile; fileRef = 11AE977114EB582600F7ED46 /* ASIDownloadCache.m */; };
		11AE978614EB582600F7ED46 /* ASIDataDecompressor.h in Headers */ = {isa = PBXBuildFile; fileRef = 11AE977214EB582600F7ED46 /* ASIDataDecompressor.h */; };
		11AE978714EB582600F7ED46 /* ASIDataDecompressor.m in Sources */ = {isa = PBXBuildFile; fileRef = 11AE977314EB582600F7ED46 /* ASIDataDecompressor.m */; };
		11AE978814EB582600F7ED46 /* ASIDataCompressor.h in Headers */ = {isa = PBXBuildFile; fileRef = 11AE977414EB582600F7ED46 /* ASIDataCompressor.h */; };
		11AE978914EB582600F7ED46 /* ASIDataCompressor.m in Sources */ = {isa = PBXBuildFile; fileRef = 11AE977514EB582600F7ED46 /* ASIDataCompressor.m */; };
		11AE979A14EB599C00F7ED46 /* Reachability.h in Headers */ = {isa = PBXBuildFile; fileRef = 11AE979814EB599C00F7ED46 /* Reachability.h */; };
		11AE979B14EB599C00F7ED46 /* Reachability.m in Sources */ = {isa = PBXBuildFile; fileRef = 11AE979914EB599C00F7ED46 /* Reachability.m */; };
		11AE979E14EB5A4100F7ED46 /* CFNetwork.framework in Frameworks */ = {isa = PBXBuildFile; fileRef = 11AE979C14EB5A2200F7ED46 /* CFNetwork.framework */; };
		11AE97A814EB5AD600F7ED46 /* MobileCoreServices.framework in Frameworks */ = {isa = PBXBuildFile; fileRef = 11AE97A714EB5AD600F7ED46 /* MobileCoreServices.framework */; };
		11AE97AA14EB5ADE00F7ED46 /* SystemConfiguration.framework in Frameworks */ = {isa = PBXBuildFile; fileRef = 11AE97A914EB5ADE00F7ED46 /* SystemConfiguration.framework */; };
		11AE97AC14EB5AFC00F7ED46 /* libz.dylib in Frameworks */ = {isa = PBXBuildFile; fileRef = 11AE97AB14EB5AFC00F7ED46 /* libz.dylib */; };
		11AE97AD14EB5B3400F7ED46 /* SystemConfiguration.framework in Frameworks */ = {isa = PBXBuildFile; fileRef = 11AE97A914EB5ADE00F7ED46 /* SystemConfiguration.framework */; };
		11AE97AE14EB5B3D00F7ED46 /* libz.dylib in Frameworks */ = {isa = PBXBuildFile; fileRef = 11AE97AB14EB5AFC00F7ED46 /* libz.dylib */; };
		11AE97AF14EB5B4300F7ED46 /* MobileCoreServices.framework in Frameworks */ = {isa = PBXBuildFile; fileRef = 11AE97A714EB5AD600F7ED46 /* MobileCoreServices.framework */; };
		11AE97B014EB5B4900F7ED46 /* CFNetwork.framework in Frameworks */ = {isa = PBXBuildFile; fileRef = 11AE979C14EB5A2200F7ED46 /* CFNetwork.framework */; };
		11AE97B114EB5B5700F7ED46 /* CoreGraphics.framework in Frameworks */ = {isa = PBXBuildFile; fileRef = 11C5DFAF14DCCDDF006D1DB4 /* CoreGraphics.framework */; };
		11AE97F614EB5FB700F7ED46 /* AudioToolbox.framework in Frameworks */ = {isa = PBXBuildFile; fileRef = 11AE97F414EB5FAA00F7ED46 /* AudioToolbox.framework */; };
		11AE97F714EB5FB700F7ED46 /* CoreLocation.framework in Frameworks */ = {isa = PBXBuildFile; fileRef = 11AE97F214EB5FA400F7ED46 /* CoreLocation.framework */; };
		11AE97FA14EB5FE200F7ED46 /* QuartzCore.framework in Frameworks */ = {isa = PBXBuildFile; fileRef = 11AE97F814EB5FDA00F7ED46 /* QuartzCore.framework */; };
		11AE97FD14EB5FF800F7ED46 /* Security.framework in Frameworks */ = {isa = PBXBuildFile; fileRef = 11AE97FB14EB5FF300F7ED46 /* Security.framework */; };
		11AE97FE14EB5FFD00F7ED46 /* libASIHTTPRequest.a in Frameworks */ = {isa = PBXBuildFile; fileRef = 11AE975614EB57EF00F7ED46 /* libASIHTTPRequest.a */; };
		11C5DFAC14DCCDDF006D1DB4 /* UIKit.framework in Frameworks */ = {isa = PBXBuildFile; fileRef = 11C5DFAB14DCCDDF006D1DB4 /* UIKit.framework */; };
		11C5DFAE14DCCDDF006D1DB4 /* Foundation.framework in Frameworks */ = {isa = PBXBuildFile; fileRef = 11C5DFAD14DCCDDF006D1DB4 /* Foundation.framework */; };
		11C5DFB014DCCDDF006D1DB4 /* CoreGraphics.framework in Frameworks */ = {isa = PBXBuildFile; fileRef = 11C5DFAF14DCCDDF006D1DB4 /* CoreGraphics.framework */; };
		11C5DFB614DCCDDF006D1DB4 /* InfoPlist.strings in Resources */ = {isa = PBXBuildFile; fileRef = 11C5DFB414DCCDDF006D1DB4 /* InfoPlist.strings */; };
		11C5DFB814DCCDDF006D1DB4 /* main.m in Sources */ = {isa = PBXBuildFile; fileRef = 11C5DFB714DCCDDF006D1DB4 /* main.m */; };
		11C5DFBC14DCCDDF006D1DB4 /* AppDelegate.m in Sources */ = {isa = PBXBuildFile; fileRef = 11C5DFBB14DCCDDF006D1DB4 /* AppDelegate.m */; };
		11C5DFBF14DCCDDF006D1DB4 /* MainViewController.m in Sources */ = {isa = PBXBuildFile; fileRef = 11C5DFBE14DCCDDF006D1DB4 /* MainViewController.m */; };
		11C5DFC214DCCDDF006D1DB4 /* FlipsideViewController.m in Sources */ = {isa = PBXBuildFile; fileRef = 11C5DFC114DCCDDF006D1DB4 /* FlipsideViewController.m */; };
		11C5DFC514DCCDDF006D1DB4 /* MainViewController.xib in Resources */ = {isa = PBXBuildFile; fileRef = 11C5DFC314DCCDDF006D1DB4 /* MainViewController.xib */; };
		11C5DFC814DCCDDF006D1DB4 /* FlipsideViewController.xib in Resources */ = {isa = PBXBuildFile; fileRef = 11C5DFC614DCCDDF006D1DB4 /* FlipsideViewController.xib */; };
		11C5DFD014DCCDDF006D1DB4 /* SenTestingKit.framework in Frameworks */ = {isa = PBXBuildFile; fileRef = 11C5DFCF14DCCDDF006D1DB4 /* SenTestingKit.framework */; };
		11C5DFD114DCCDDF006D1DB4 /* UIKit.framework in Frameworks */ = {isa = PBXBuildFile; fileRef = 11C5DFAB14DCCDDF006D1DB4 /* UIKit.framework */; };
		11C5DFD214DCCDDF006D1DB4 /* Foundation.framework in Frameworks */ = {isa = PBXBuildFile; fileRef = 11C5DFAD14DCCDDF006D1DB4 /* Foundation.framework */; };
		11C5DFDA14DCCDDF006D1DB4 /* InfoPlist.strings in Resources */ = {isa = PBXBuildFile; fileRef = 11C5DFD814DCCDDF006D1DB4 /* InfoPlist.strings */; };
		11C5DFDD14DCCDDF006D1DB4 /* JustLandedTests.m in Sources */ = {isa = PBXBuildFile; fileRef = 11C5DFDC14DCCDDF006D1DB4 /* JustLandedTests.m */; };
/* End PBXBuildFile section */

/* Begin PBXContainerItemProxy section */
		117C48D214EB65700049452F /* PBXContainerItemProxy */ = {
			isa = PBXContainerItemProxy;
			containerPortal = 11C5DF9E14DCCDDF006D1DB4 /* Project object */;
			proxyType = 1;
			remoteGlobalIDString = 117C48C114EB64F60049452F;
			remoteInfo = ABTableViewCell;
		};
		11AE97A514EB5AAE00F7ED46 /* PBXContainerItemProxy */ = {
			isa = PBXContainerItemProxy;
			containerPortal = 11C5DF9E14DCCDDF006D1DB4 /* Project object */;
			proxyType = 1;
			remoteGlobalIDString = 11AE975514EB57EF00F7ED46;
			remoteInfo = ASIHTTPRequest;
		};
		11C5DFD314DCCDDF006D1DB4 /* PBXContainerItemProxy */ = {
			isa = PBXContainerItemProxy;
			containerPortal = 11C5DF9E14DCCDDF006D1DB4 /* Project object */;
			proxyType = 1;
			remoteGlobalIDString = 11C5DFA614DCCDDF006D1DB4;
			remoteInfo = JustLanded;
		};
/* End PBXContainerItemProxy section */

/* Begin PBXFileReference section */
		114ADBAB14EC354700463F0C /* Flight.h */ = {isa = PBXFileReference; fileEncoding = 4; lastKnownFileType = sourcecode.c.h; path = Flight.h; sourceTree = "<group>"; };
		114ADBAC14EC354700463F0C /* Flight.m */ = {isa = PBXFileReference; fileEncoding = 4; lastKnownFileType = sourcecode.c.objc; path = Flight.m; sourceTree = "<group>"; };
		114ADBAF14EC41C700463F0C /* Airport.h */ = {isa = PBXFileReference; fileEncoding = 4; lastKnownFileType = sourcecode.c.h; path = Airport.h; sourceTree = "<group>"; };
		114ADBB014EC41C700463F0C /* Airport.m */ = {isa = PBXFileReference; fileEncoding = 4; lastKnownFileType = sourcecode.c.objc; path = Airport.m; sourceTree = "<group>"; };
		117C48C214EB64F60049452F /* libABTableViewCell.a */ = {isa = PBXFileReference; explicitFileType = archive.ar; includeInIndex = 0; path = libABTableViewCell.a; sourceTree = BUILT_PRODUCTS_DIR; };
		117C48CD14EB652F0049452F /* ABTableViewCell.h */ = {isa = PBXFileReference; lastKnownFileType = sourcecode.c.h; path = ABTableViewCell.h; sourceTree = SOURCE_ROOT; };
		117C48CE14EB652F0049452F /* ABTableViewCell.m */ = {isa = PBXFileReference; lastKnownFileType = sourcecode.c.objc; path = ABTableViewCell.m; sourceTree = SOURCE_ROOT; };
		117C48D514EB66140049452F /* Constants.h */ = {isa = PBXFileReference; fileEncoding = 4; lastKnownFileType = sourcecode.c.h; path = Constants.h; sourceTree = "<group>"; };
		117C48D614EB66140049452F /* Constants.m */ = {isa = PBXFileReference; fileEncoding = 4; lastKnownFileType = sourcecode.c.objc; path = Constants.m; sourceTree = "<group>"; };
		117C48D914EB68D10049452F /* FlurryAnalytics.h */ = {isa = PBXFileReference; fileEncoding = 4; lastKnownFileType = sourcecode.c.h; path = FlurryAnalytics.h; sourceTree = "<group>"; };
		117C48DA14EB68D10049452F /* libFlurryAnalytics.a */ = {isa = PBXFileReference; lastKnownFileType = archive.ar; path = libFlurryAnalytics.a; sourceTree = "<group>"; };
		11AE975614EB57EF00F7ED46 /* libASIHTTPRequest.a */ = {isa = PBXFileReference; explicitFileType = archive.ar; includeInIndex = 0; path = libASIHTTPRequest.a; sourceTree = BUILT_PRODUCTS_DIR; };
		11AE976214EB582600F7ED46 /* ASIHTTPRequestConfig.h */ = {isa = PBXFileReference; fileEncoding = 4; lastKnownFileType = sourcecode.c.h; path = ASIHTTPRequestConfig.h; sourceTree = "<group>"; };
		11AE976314EB582600F7ED46 /* ASICacheDelegate.h */ = {isa = PBXFileReference; fileEncoding = 4; lastKnownFileType = sourcecode.c.h; path = ASICacheDelegate.h; sourceTree = "<group>"; };
		11AE976414EB582600F7ED46 /* ASIHTTPRequestDelegate.h */ = {isa = PBXFileReference; fileEncoding = 4; lastKnownFileType = sourcecode.c.h; path = ASIHTTPRequestDelegate.h; sourceTree = "<group>"; };
		11AE976514EB582600F7ED46 /* ASIProgressDelegate.h */ = {isa = PBXFileReference; fileEncoding = 4; lastKnownFileType = sourcecode.c.h; path = ASIProgressDelegate.h; sourceTree = "<group>"; };
		11AE976614EB582600F7ED46 /* ASIAuthenticationDialog.h */ = {isa = PBXFileReference; fileEncoding = 4; lastKnownFileType = sourcecode.c.h; path = ASIAuthenticationDialog.h; sourceTree = "<group>"; };
		11AE976714EB582600F7ED46 /* ASIAuthenticationDialog.m */ = {isa = PBXFileReference; fileEncoding = 4; lastKnownFileType = sourcecode.c.objc; path = ASIAuthenticationDialog.m; sourceTree = "<group>"; };
		11AE976814EB582600F7ED46 /* ASIInputStream.h */ = {isa = PBXFileReference; fileEncoding = 4; lastKnownFileType = sourcecode.c.h; path = ASIInputStream.h; sourceTree = "<group>"; };
		11AE976914EB582600F7ED46 /* ASIInputStream.m */ = {isa = PBXFileReference; fileEncoding = 4; lastKnownFileType = sourcecode.c.objc; path = ASIInputStream.m; sourceTree = "<group>"; };
		11AE976A14EB582600F7ED46 /* ASIFormDataRequest.h */ = {isa = PBXFileReference; fileEncoding = 4; lastKnownFileType = sourcecode.c.h; path = ASIFormDataRequest.h; sourceTree = "<group>"; };
		11AE976B14EB582600F7ED46 /* ASIFormDataRequest.m */ = {isa = PBXFileReference; fileEncoding = 4; lastKnownFileType = sourcecode.c.objc; path = ASIFormDataRequest.m; sourceTree = "<group>"; };
		11AE976C14EB582600F7ED46 /* ASIHTTPRequest.h */ = {isa = PBXFileReference; fileEncoding = 4; lastKnownFileType = sourcecode.c.h; path = ASIHTTPRequest.h; sourceTree = "<group>"; };
		11AE976D14EB582600F7ED46 /* ASIHTTPRequest.m */ = {isa = PBXFileReference; fileEncoding = 4; lastKnownFileType = sourcecode.c.objc; path = ASIHTTPRequest.m; sourceTree = "<group>"; };
		11AE976E14EB582600F7ED46 /* ASINetworkQueue.h */ = {isa = PBXFileReference; fileEncoding = 4; lastKnownFileType = sourcecode.c.h; path = ASINetworkQueue.h; sourceTree = "<group>"; };
		11AE976F14EB582600F7ED46 /* ASINetworkQueue.m */ = {isa = PBXFileReference; fileEncoding = 4; lastKnownFileType = sourcecode.c.objc; path = ASINetworkQueue.m; sourceTree = "<group>"; };
		11AE977014EB582600F7ED46 /* ASIDownloadCache.h */ = {isa = PBXFileReference; fileEncoding = 4; lastKnownFileType = sourcecode.c.h; path = ASIDownloadCache.h; sourceTree = "<group>"; };
		11AE977114EB582600F7ED46 /* ASIDownloadCache.m */ = {isa = PBXFileReference; fileEncoding = 4; lastKnownFileType = sourcecode.c.objc; path = ASIDownloadCache.m; sourceTree = "<group>"; };
		11AE977214EB582600F7ED46 /* ASIDataDecompressor.h */ = {isa = PBXFileReference; fileEncoding = 4; lastKnownFileType = sourcecode.c.h; path = ASIDataDecompressor.h; sourceTree = "<group>"; };
		11AE977314EB582600F7ED46 /* ASIDataDecompressor.m */ = {isa = PBXFileReference; fileEncoding = 4; lastKnownFileType = sourcecode.c.objc; path = ASIDataDecompressor.m; sourceTree = "<group>"; };
		11AE977414EB582600F7ED46 /* ASIDataCompressor.h */ = {isa = PBXFileReference; fileEncoding = 4; lastKnownFileType = sourcecode.c.h; path = ASIDataCompressor.h; sourceTree = "<group>"; };
		11AE977514EB582600F7ED46 /* ASIDataCompressor.m */ = {isa = PBXFileReference; fileEncoding = 4; lastKnownFileType = sourcecode.c.objc; path = ASIDataCompressor.m; sourceTree = "<group>"; };
		11AE979814EB599C00F7ED46 /* Reachability.h */ = {isa = PBXFileReference; fileEncoding = 4; lastKnownFileType = sourcecode.c.h; path = Reachability.h; sourceTree = "<group>"; };
		11AE979914EB599C00F7ED46 /* Reachability.m */ = {isa = PBXFileReference; fileEncoding = 4; lastKnownFileType = sourcecode.c.objc; path = Reachability.m; sourceTree = "<group>"; };
		11AE979C14EB5A2200F7ED46 /* CFNetwork.framework */ = {isa = PBXFileReference; lastKnownFileType = wrapper.framework; name = CFNetwork.framework; path = System/Library/Frameworks/CFNetwork.framework; sourceTree = SDKROOT; };
		11AE97A714EB5AD600F7ED46 /* MobileCoreServices.framework */ = {isa = PBXFileReference; lastKnownFileType = wrapper.framework; name = MobileCoreServices.framework; path = System/Library/Frameworks/MobileCoreServices.framework; sourceTree = SDKROOT; };
		11AE97A914EB5ADE00F7ED46 /* SystemConfiguration.framework */ = {isa = PBXFileReference; lastKnownFileType = wrapper.framework; name = SystemConfiguration.framework; path = System/Library/Frameworks/SystemConfiguration.framework; sourceTree = SDKROOT; };
		11AE97AB14EB5AFC00F7ED46 /* libz.dylib */ = {isa = PBXFileReference; lastKnownFileType = "compiled.mach-o.dylib"; name = libz.dylib; path = usr/lib/libz.dylib; sourceTree = SDKROOT; };
		11AE97F214EB5FA400F7ED46 /* CoreLocation.framework */ = {isa = PBXFileReference; lastKnownFileType = wrapper.framework; name = CoreLocation.framework; path = System/Library/Frameworks/CoreLocation.framework; sourceTree = SDKROOT; };
		11AE97F414EB5FAA00F7ED46 /* AudioToolbox.framework */ = {isa = PBXFileReference; lastKnownFileType = wrapper.framework; name = AudioToolbox.framework; path = System/Library/Frameworks/AudioToolbox.framework; sourceTree = SDKROOT; };
		11AE97F814EB5FDA00F7ED46 /* QuartzCore.framework */ = {isa = PBXFileReference; lastKnownFileType = wrapper.framework; name = QuartzCore.framework; path = System/Library/Frameworks/QuartzCore.framework; sourceTree = SDKROOT; };
		11AE97FB14EB5FF300F7ED46 /* Security.framework */ = {isa = PBXFileReference; lastKnownFileType = wrapper.framework; name = Security.framework; path = System/Library/Frameworks/Security.framework; sourceTree = SDKROOT; };
		11C5DFA714DCCDDF006D1DB4 /* JustLanded.app */ = {isa = PBXFileReference; explicitFileType = wrapper.application; includeInIndex = 0; path = JustLanded.app; sourceTree = BUILT_PRODUCTS_DIR; };
		11C5DFAB14DCCDDF006D1DB4 /* UIKit.framework */ = {isa = PBXFileReference; lastKnownFileType = wrapper.framework; name = UIKit.framework; path = System/Library/Frameworks/UIKit.framework; sourceTree = SDKROOT; };
		11C5DFAD14DCCDDF006D1DB4 /* Foundation.framework */ = {isa = PBXFileReference; lastKnownFileType = wrapper.framework; name = Foundation.framework; path = System/Library/Frameworks/Foundation.framework; sourceTree = SDKROOT; };
		11C5DFAF14DCCDDF006D1DB4 /* CoreGraphics.framework */ = {isa = PBXFileReference; lastKnownFileType = wrapper.framework; name = CoreGraphics.framework; path = System/Library/Frameworks/CoreGraphics.framework; sourceTree = SDKROOT; };
		11C5DFB314DCCDDF006D1DB4 /* JustLanded-Info.plist */ = {isa = PBXFileReference; lastKnownFileType = text.plist.xml; path = "JustLanded-Info.plist"; sourceTree = "<group>"; };
		11C5DFB514DCCDDF006D1DB4 /* en */ = {isa = PBXFileReference; lastKnownFileType = text.plist.strings; name = en; path = en.lproj/InfoPlist.strings; sourceTree = "<group>"; };
		11C5DFB714DCCDDF006D1DB4 /* main.m */ = {isa = PBXFileReference; lastKnownFileType = sourcecode.c.objc; path = main.m; sourceTree = "<group>"; };
		11C5DFB914DCCDDF006D1DB4 /* JustLanded-Prefix.pch */ = {isa = PBXFileReference; lastKnownFileType = sourcecode.c.h; path = "JustLanded-Prefix.pch"; sourceTree = "<group>"; };
		11C5DFBA14DCCDDF006D1DB4 /* AppDelegate.h */ = {isa = PBXFileReference; lastKnownFileType = sourcecode.c.h; path = AppDelegate.h; sourceTree = "<group>"; };
		11C5DFBB14DCCDDF006D1DB4 /* AppDelegate.m */ = {isa = PBXFileReference; lastKnownFileType = sourcecode.c.objc; path = AppDelegate.m; sourceTree = "<group>"; };
		11C5DFBD14DCCDDF006D1DB4 /* MainViewController.h */ = {isa = PBXFileReference; lastKnownFileType = sourcecode.c.h; path = MainViewController.h; sourceTree = "<group>"; };
		11C5DFBE14DCCDDF006D1DB4 /* MainViewController.m */ = {isa = PBXFileReference; lastKnownFileType = sourcecode.c.objc; path = MainViewController.m; sourceTree = "<group>"; };
		11C5DFC014DCCDDF006D1DB4 /* FlipsideViewController.h */ = {isa = PBXFileReference; lastKnownFileType = sourcecode.c.h; path = FlipsideViewController.h; sourceTree = "<group>"; };
		11C5DFC114DCCDDF006D1DB4 /* FlipsideViewController.m */ = {isa = PBXFileReference; lastKnownFileType = sourcecode.c.objc; path = FlipsideViewController.m; sourceTree = "<group>"; };
		11C5DFC414DCCDDF006D1DB4 /* en */ = {isa = PBXFileReference; lastKnownFileType = file.xib; name = en; path = en.lproj/MainViewController.xib; sourceTree = "<group>"; };
		11C5DFC714DCCDDF006D1DB4 /* en */ = {isa = PBXFileReference; lastKnownFileType = file.xib; name = en; path = en.lproj/FlipsideViewController.xib; sourceTree = "<group>"; };
		11C5DFCE14DCCDDF006D1DB4 /* JustLandedTests.octest */ = {isa = PBXFileReference; explicitFileType = wrapper.cfbundle; includeInIndex = 0; path = JustLandedTests.octest; sourceTree = BUILT_PRODUCTS_DIR; };
		11C5DFCF14DCCDDF006D1DB4 /* SenTestingKit.framework */ = {isa = PBXFileReference; lastKnownFileType = wrapper.framework; name = SenTestingKit.framework; path = Library/Frameworks/SenTestingKit.framework; sourceTree = DEVELOPER_DIR; };
		11C5DFD714DCCDDF006D1DB4 /* JustLandedTests-Info.plist */ = {isa = PBXFileReference; lastKnownFileType = text.plist.xml; path = "JustLandedTests-Info.plist"; sourceTree = "<group>"; };
		11C5DFD914DCCDDF006D1DB4 /* en */ = {isa = PBXFileReference; lastKnownFileType = text.plist.strings; name = en; path = en.lproj/InfoPlist.strings; sourceTree = "<group>"; };
		11C5DFDB14DCCDDF006D1DB4 /* JustLandedTests.h */ = {isa = PBXFileReference; lastKnownFileType = sourcecode.c.h; path = JustLandedTests.h; sourceTree = "<group>"; };
		11C5DFDC14DCCDDF006D1DB4 /* JustLandedTests.m */ = {isa = PBXFileReference; lastKnownFileType = sourcecode.c.objc; path = JustLandedTests.m; sourceTree = "<group>"; };
/* End PBXFileReference section */

/* Begin PBXFrameworksBuildPhase section */
		117C48BF14EB64F60049452F /* Frameworks */ = {
			isa = PBXFrameworksBuildPhase;
			buildActionMask = 2147483647;
			files = (
				117C48D114EB65530049452F /* UIKit.framework in Frameworks */,
				117C48C314EB64F60049452F /* Foundation.framework in Frameworks */,
			);
			runOnlyForDeploymentPostprocessing = 0;
		};
		11AE975314EB57EF00F7ED46 /* Frameworks */ = {
			isa = PBXFrameworksBuildPhase;
			buildActionMask = 2147483647;
			files = (
				11AE97B114EB5B5700F7ED46 /* CoreGraphics.framework in Frameworks */,
				11AE97B014EB5B4900F7ED46 /* CFNetwork.framework in Frameworks */,
				11AE97AF14EB5B4300F7ED46 /* MobileCoreServices.framework in Frameworks */,
				11AE97AE14EB5B3D00F7ED46 /* libz.dylib in Frameworks */,
				11AE97AD14EB5B3400F7ED46 /* SystemConfiguration.framework in Frameworks */,
				11AE975714EB57F000F7ED46 /* Foundation.framework in Frameworks */,
			);
			runOnlyForDeploymentPostprocessing = 0;
		};
		11C5DFA414DCCDDF006D1DB4 /* Frameworks */ = {
			isa = PBXFrameworksBuildPhase;
			buildActionMask = 2147483647;
			files = (
				11AE97FD14EB5FF800F7ED46 /* Security.framework in Frameworks */,
				11AE97FA14EB5FE200F7ED46 /* QuartzCore.framework in Frameworks */,
				11AE97F614EB5FB700F7ED46 /* AudioToolbox.framework in Frameworks */,
				11AE97F714EB5FB700F7ED46 /* CoreLocation.framework in Frameworks */,
				11AE97AC14EB5AFC00F7ED46 /* libz.dylib in Frameworks */,
				117C48D414EB65760049452F /* libABTableViewCell.a in Frameworks */,
				11AE97FE14EB5FFD00F7ED46 /* libASIHTTPRequest.a in Frameworks */,
				11AE97AA14EB5ADE00F7ED46 /* SystemConfiguration.framework in Frameworks */,
				11AE97A814EB5AD600F7ED46 /* MobileCoreServices.framework in Frameworks */,
				11AE979E14EB5A4100F7ED46 /* CFNetwork.framework in Frameworks */,
				11C5DFAC14DCCDDF006D1DB4 /* UIKit.framework in Frameworks */,
				11C5DFAE14DCCDDF006D1DB4 /* Foundation.framework in Frameworks */,
				11C5DFB014DCCDDF006D1DB4 /* CoreGraphics.framework in Frameworks */,
				117C48DB14EB68D10049452F /* libFlurryAnalytics.a in Frameworks */,
			);
			runOnlyForDeploymentPostprocessing = 0;
		};
		11C5DFCA14DCCDDF006D1DB4 /* Frameworks */ = {
			isa = PBXFrameworksBuildPhase;
			buildActionMask = 2147483647;
			files = (
				11C5DFD014DCCDDF006D1DB4 /* SenTestingKit.framework in Frameworks */,
				11C5DFD114DCCDDF006D1DB4 /* UIKit.framework in Frameworks */,
				11C5DFD214DCCDDF006D1DB4 /* Foundation.framework in Frameworks */,
			);
			runOnlyForDeploymentPostprocessing = 0;
		};
/* End PBXFrameworksBuildPhase section */

/* Begin PBXGroup section */
		117C48C414EB64F60049452F /* ABTableViewCell */ = {
			isa = PBXGroup;
			children = (
				117C48CD14EB652F0049452F /* ABTableViewCell.h */,
				117C48CE14EB652F0049452F /* ABTableViewCell.m */,
			);
			path = ABTableViewCell;
			sourceTree = "<group>";
		};
		117C48D814EB68D10049452F /* FlurryAnalytics */ = {
			isa = PBXGroup;
			children = (
				117C48D914EB68D10049452F /* FlurryAnalytics.h */,
				117C48DA14EB68D10049452F /* libFlurryAnalytics.a */,
			);
			path = FlurryAnalytics;
			sourceTree = "<group>";
		};
		11AE975814EB57F000F7ED46 /* ASIHTTPRequest */ = {
			isa = PBXGroup;
			children = (
				11AE979414EB599C00F7ED46 /* External */,
				11AE976214EB582600F7ED46 /* ASIHTTPRequestConfig.h */,
				11AE976314EB582600F7ED46 /* ASICacheDelegate.h */,
				11AE976414EB582600F7ED46 /* ASIHTTPRequestDelegate.h */,
				11AE976514EB582600F7ED46 /* ASIProgressDelegate.h */,
				11AE976614EB582600F7ED46 /* ASIAuthenticationDialog.h */,
				11AE976714EB582600F7ED46 /* ASIAuthenticationDialog.m */,
				11AE976814EB582600F7ED46 /* ASIInputStream.h */,
				11AE976914EB582600F7ED46 /* ASIInputStream.m */,
				11AE976A14EB582600F7ED46 /* ASIFormDataRequest.h */,
				11AE976B14EB582600F7ED46 /* ASIFormDataRequest.m */,
				11AE976C14EB582600F7ED46 /* ASIHTTPRequest.h */,
				11AE976D14EB582600F7ED46 /* ASIHTTPRequest.m */,
				11AE976E14EB582600F7ED46 /* ASINetworkQueue.h */,
				11AE976F14EB582600F7ED46 /* ASINetworkQueue.m */,
				11AE977014EB582600F7ED46 /* ASIDownloadCache.h */,
				11AE977114EB582600F7ED46 /* ASIDownloadCache.m */,
				11AE977214EB582600F7ED46 /* ASIDataDecompressor.h */,
				11AE977314EB582600F7ED46 /* ASIDataDecompressor.m */,
				11AE977414EB582600F7ED46 /* ASIDataCompressor.h */,
				11AE977514EB582600F7ED46 /* ASIDataCompressor.m */,
			);
			path = ASIHTTPRequest;
			sourceTree = "<group>";
		};
		11AE979414EB599C00F7ED46 /* External */ = {
			isa = PBXGroup;
			children = (
				11AE979714EB599C00F7ED46 /* Reachability */,
			);
			path = External;
			sourceTree = "<group>";
		};
		11AE979714EB599C00F7ED46 /* Reachability */ = {
			isa = PBXGroup;
			children = (
				11AE979814EB599C00F7ED46 /* Reachability.h */,
				11AE979914EB599C00F7ED46 /* Reachability.m */,
			);
			path = Reachability;
			sourceTree = "<group>";
		};
		11AE97FF14EB602400F7ED46 /* Models */ = {
			isa = PBXGroup;
			children = (
				114ADBAF14EC41C700463F0C /* Airport.h */,
				114ADBB014EC41C700463F0C /* Airport.m */,
				114ADBAB14EC354700463F0C /* Flight.h */,
				114ADBAC14EC354700463F0C /* Flight.m */,
			);
			name = Models;
			sourceTree = "<group>";
		};
		11AE980014EB602E00F7ED46 /* Controllers */ = {
			isa = PBXGroup;
			children = (
				11C5DFC014DCCDDF006D1DB4 /* FlipsideViewController.h */,
				11C5DFBD14DCCDDF006D1DB4 /* MainViewController.h */,
				11C5DFC114DCCDDF006D1DB4 /* FlipsideViewController.m */,
				11C5DFBE14DCCDDF006D1DB4 /* MainViewController.m */,
			);
			name = Controllers;
			sourceTree = "<group>";
		};
		11AE980114EB603700F7ED46 /* Views */ = {
			isa = PBXGroup;
			children = (
			);
			name = Views;
			sourceTree = "<group>";
		};
		11AE980214EB606500F7ED46 /* Classes */ = {
			isa = PBXGroup;
			children = (
				11C5DFBA14DCCDDF006D1DB4 /* AppDelegate.h */,
				11C5DFBB14DCCDDF006D1DB4 /* AppDelegate.m */,
				11AE980814EB613D00F7ED46 /* Categories */,
				117C48D514EB66140049452F /* Constants.h */,
				117C48D614EB66140049452F /* Constants.m */,
				11AE980014EB602E00F7ED46 /* Controllers */,
				11AE97FF14EB602400F7ED46 /* Models */,
				11AE980114EB603700F7ED46 /* Views */,
			);
			name = Classes;
			sourceTree = "<group>";
		};
		11AE980414EB60DD00F7ED46 /* Resources */ = {
			isa = PBXGroup;
			children = (
				11AE980714EB610200F7ED46 /* Fonts */,
				11AE980614EB60EB00F7ED46 /* Images */,
				11AE980514EB60E500F7ED46 /* Sounds */,
			);
			name = Resources;
			sourceTree = "<group>";
		};
		11AE980514EB60E500F7ED46 /* Sounds */ = {
			isa = PBXGroup;
			children = (
			);
			name = Sounds;
			sourceTree = "<group>";
		};
		11AE980614EB60EB00F7ED46 /* Images */ = {
			isa = PBXGroup;
			children = (
			);
			name = Images;
			sourceTree = "<group>";
		};
		11AE980714EB610200F7ED46 /* Fonts */ = {
			isa = PBXGroup;
			children = (
			);
			name = Fonts;
			sourceTree = "<group>";
		};
		11AE980814EB613D00F7ED46 /* Categories */ = {
			isa = PBXGroup;
			children = (
			);
			name = Categories;
			sourceTree = "<group>";
		};
		11C5DF9C14DCCDDF006D1DB4 = {
			isa = PBXGroup;
			children = (
				117C48C414EB64F60049452F /* ABTableViewCell */,
				11AE975814EB57F000F7ED46 /* ASIHTTPRequest */,
				117C48D814EB68D10049452F /* FlurryAnalytics */,
				11C5DFAA14DCCDDF006D1DB4 /* Frameworks */,
				11C5DFB114DCCDDF006D1DB4 /* JustLanded */,
				11C5DFD514DCCDDF006D1DB4 /* JustLandedTests */,
				11C5DFA814DCCDDF006D1DB4 /* Products */,
			);
			sourceTree = "<group>";
		};
		11C5DFA814DCCDDF006D1DB4 /* Products */ = {
			isa = PBXGroup;
			children = (
				11C5DFA714DCCDDF006D1DB4 /* JustLanded.app */,
				11C5DFCE14DCCDDF006D1DB4 /* JustLandedTests.octest */,
				11AE975614EB57EF00F7ED46 /* libASIHTTPRequest.a */,
				117C48C214EB64F60049452F /* libABTableViewCell.a */,
			);
			name = Products;
			sourceTree = "<group>";
		};
		11C5DFAA14DCCDDF006D1DB4 /* Frameworks */ = {
			isa = PBXGroup;
			children = (
				11AE97FB14EB5FF300F7ED46 /* Security.framework */,
				11AE97F814EB5FDA00F7ED46 /* QuartzCore.framework */,
				11AE97F414EB5FAA00F7ED46 /* AudioToolbox.framework */,
				11AE97F214EB5FA400F7ED46 /* CoreLocation.framework */,
				11AE97AB14EB5AFC00F7ED46 /* libz.dylib */,
				11AE97A914EB5ADE00F7ED46 /* SystemConfiguration.framework */,
				11AE97A714EB5AD600F7ED46 /* MobileCoreServices.framework */,
				11AE979C14EB5A2200F7ED46 /* CFNetwork.framework */,
				11C5DFAB14DCCDDF006D1DB4 /* UIKit.framework */,
				11C5DFAD14DCCDDF006D1DB4 /* Foundation.framework */,
				11C5DFAF14DCCDDF006D1DB4 /* CoreGraphics.framework */,
				11C5DFCF14DCCDDF006D1DB4 /* SenTestingKit.framework */,
			);
			name = Frameworks;
			sourceTree = "<group>";
		};
		11C5DFB114DCCDDF006D1DB4 /* JustLanded */ = {
			isa = PBXGroup;
			children = (
				11AE980414EB60DD00F7ED46 /* Resources */,
				11C5DFB214DCCDDF006D1DB4 /* Supporting Files */,
				11AE980214EB606500F7ED46 /* Classes */,
				11C5DFC614DCCDDF006D1DB4 /* FlipsideViewController.xib */,
				11C5DFC314DCCDDF006D1DB4 /* MainViewController.xib */,
			);
			path = JustLanded;
			sourceTree = "<group>";
		};
		11C5DFB214DCCDDF006D1DB4 /* Supporting Files */ = {
			isa = PBXGroup;
			children = (
				11C5DFB314DCCDDF006D1DB4 /* JustLanded-Info.plist */,
				11C5DFB414DCCDDF006D1DB4 /* InfoPlist.strings */,
				11C5DFB714DCCDDF006D1DB4 /* main.m */,
				11C5DFB914DCCDDF006D1DB4 /* JustLanded-Prefix.pch */,
			);
			name = "Supporting Files";
			sourceTree = "<group>";
		};
		11C5DFD514DCCDDF006D1DB4 /* JustLandedTests */ = {
			isa = PBXGroup;
			children = (
				11C5DFDB14DCCDDF006D1DB4 /* JustLandedTests.h */,
				11C5DFDC14DCCDDF006D1DB4 /* JustLandedTests.m */,
				11C5DFD614DCCDDF006D1DB4 /* Supporting Files */,
			);
			path = JustLandedTests;
			sourceTree = "<group>";
		};
		11C5DFD614DCCDDF006D1DB4 /* Supporting Files */ = {
			isa = PBXGroup;
			children = (
				11C5DFD714DCCDDF006D1DB4 /* JustLandedTests-Info.plist */,
				11C5DFD814DCCDDF006D1DB4 /* InfoPlist.strings */,
			);
			name = "Supporting Files";
			sourceTree = "<group>";
		};
/* End PBXGroup section */

/* Begin PBXHeadersBuildPhase section */
		117C48C014EB64F60049452F /* Headers */ = {
			isa = PBXHeadersBuildPhase;
			buildActionMask = 2147483647;
			files = (
			);
			runOnlyForDeploymentPostprocessing = 0;
		};
		11AE975414EB57EF00F7ED46 /* Headers */ = {
			isa = PBXHeadersBuildPhase;
			buildActionMask = 2147483647;
			files = (
				11AE977614EB582600F7ED46 /* ASIHTTPRequestConfig.h in Headers */,
				11AE977714EB582600F7ED46 /* ASICacheDelegate.h in Headers */,
				11AE977814EB582600F7ED46 /* ASIHTTPRequestDelegate.h in Headers */,
				11AE977914EB582600F7ED46 /* ASIProgressDelegate.h in Headers */,
				11AE977A14EB582600F7ED46 /* ASIAuthenticationDialog.h in Headers */,
				11AE977C14EB582600F7ED46 /* ASIInputStream.h in Headers */,
				11AE977E14EB582600F7ED46 /* ASIFormDataRequest.h in Headers */,
				11AE978014EB582600F7ED46 /* ASIHTTPRequest.h in Headers */,
				11AE978214EB582600F7ED46 /* ASINetworkQueue.h in Headers */,
				11AE978414EB582600F7ED46 /* ASIDownloadCache.h in Headers */,
				11AE978614EB582600F7ED46 /* ASIDataDecompressor.h in Headers */,
				11AE978814EB582600F7ED46 /* ASIDataCompressor.h in Headers */,
				11AE979A14EB599C00F7ED46 /* Reachability.h in Headers */,
			);
			runOnlyForDeploymentPostprocessing = 0;
		};
/* End PBXHeadersBuildPhase section */

/* Begin PBXNativeTarget section */
		117C48C114EB64F60049452F /* ABTableViewCell */ = {
			isa = PBXNativeTarget;
			buildConfigurationList = 117C48CA14EB64F60049452F /* Build configuration list for PBXNativeTarget "ABTableViewCell" */;
			buildPhases = (
				117C48BE14EB64F60049452F /* Sources */,
				117C48BF14EB64F60049452F /* Frameworks */,
				117C48C014EB64F60049452F /* Headers */,
			);
			buildRules = (
			);
			dependencies = (
			);
			name = ABTableViewCell;
			productName = ABTableViewCell;
			productReference = 117C48C214EB64F60049452F /* libABTableViewCell.a */;
			productType = "com.apple.product-type.library.static";
		};
		11AE975514EB57EF00F7ED46 /* ASIHTTPRequest */ = {
			isa = PBXNativeTarget;
			buildConfigurationList = 11AE976014EB57F000F7ED46 /* Build configuration list for PBXNativeTarget "ASIHTTPRequest" */;
			buildPhases = (
				11AE975214EB57EF00F7ED46 /* Sources */,
				11AE975314EB57EF00F7ED46 /* Frameworks */,
				11AE975414EB57EF00F7ED46 /* Headers */,
			);
			buildRules = (
			);
			dependencies = (
			);
			name = ASIHTTPRequest;
			productName = ASIHTTPRequest;
			productReference = 11AE975614EB57EF00F7ED46 /* libASIHTTPRequest.a */;
			productType = "com.apple.product-type.library.static";
		};
		11C5DFA614DCCDDF006D1DB4 /* JustLanded */ = {
			isa = PBXNativeTarget;
			buildConfigurationList = 11C5DFE014DCCDDF006D1DB4 /* Build configuration list for PBXNativeTarget "JustLanded" */;
			buildPhases = (
				11C5DFA314DCCDDF006D1DB4 /* Sources */,
				11C5DFA414DCCDDF006D1DB4 /* Frameworks */,
				11C5DFA514DCCDDF006D1DB4 /* Resources */,
			);
			buildRules = (
			);
			dependencies = (
				117C48D314EB65700049452F /* PBXTargetDependency */,
				11AE97A614EB5AAE00F7ED46 /* PBXTargetDependency */,
			);
			name = JustLanded;
			productName = JustLanded;
			productReference = 11C5DFA714DCCDDF006D1DB4 /* JustLanded.app */;
			productType = "com.apple.product-type.application";
		};
		11C5DFCD14DCCDDF006D1DB4 /* JustLandedTests */ = {
			isa = PBXNativeTarget;
			buildConfigurationList = 11C5DFE314DCCDDF006D1DB4 /* Build configuration list for PBXNativeTarget "JustLandedTests" */;
			buildPhases = (
				11C5DFC914DCCDDF006D1DB4 /* Sources */,
				11C5DFCA14DCCDDF006D1DB4 /* Frameworks */,
				11C5DFCB14DCCDDF006D1DB4 /* Resources */,
				11C5DFCC14DCCDDF006D1DB4 /* ShellScript */,
			);
			buildRules = (
			);
			dependencies = (
				11C5DFD414DCCDDF006D1DB4 /* PBXTargetDependency */,
			);
			name = JustLandedTests;
			productName = JustLandedTests;
			productReference = 11C5DFCE14DCCDDF006D1DB4 /* JustLandedTests.octest */;
			productType = "com.apple.product-type.bundle";
		};
/* End PBXNativeTarget section */

/* Begin PBXProject section */
		11C5DF9E14DCCDDF006D1DB4 /* Project object */ = {
			isa = PBXProject;
			attributes = {
				LastUpgradeCheck = 0420;
				ORGANIZATIONNAME = SimplyListed;
			};
			buildConfigurationList = 11C5DFA114DCCDDF006D1DB4 /* Build configuration list for PBXProject "JustLanded" */;
			compatibilityVersion = "Xcode 3.2";
			developmentRegion = English;
			hasScannedForEncodings = 0;
			knownRegions = (
				en,
			);
			mainGroup = 11C5DF9C14DCCDDF006D1DB4;
			productRefGroup = 11C5DFA814DCCDDF006D1DB4 /* Products */;
			projectDirPath = "";
			projectRoot = "";
			targets = (
				11C5DFA614DCCDDF006D1DB4 /* JustLanded */,
				11C5DFCD14DCCDDF006D1DB4 /* JustLandedTests */,
				11AE975514EB57EF00F7ED46 /* ASIHTTPRequest */,
				117C48C114EB64F60049452F /* ABTableViewCell */,
			);
		};
/* End PBXProject section */

/* Begin PBXResourcesBuildPhase section */
		11C5DFA514DCCDDF006D1DB4 /* Resources */ = {
			isa = PBXResourcesBuildPhase;
			buildActionMask = 2147483647;
			files = (
				11C5DFB614DCCDDF006D1DB4 /* InfoPlist.strings in Resources */,
				11C5DFC514DCCDDF006D1DB4 /* MainViewController.xib in Resources */,
				11C5DFC814DCCDDF006D1DB4 /* FlipsideViewController.xib in Resources */,
			);
			runOnlyForDeploymentPostprocessing = 0;
		};
		11C5DFCB14DCCDDF006D1DB4 /* Resources */ = {
			isa = PBXResourcesBuildPhase;
			buildActionMask = 2147483647;
			files = (
				11C5DFDA14DCCDDF006D1DB4 /* InfoPlist.strings in Resources */,
			);
			runOnlyForDeploymentPostprocessing = 0;
		};
/* End PBXResourcesBuildPhase section */

/* Begin PBXShellScriptBuildPhase section */
		11C5DFCC14DCCDDF006D1DB4 /* ShellScript */ = {
			isa = PBXShellScriptBuildPhase;
			buildActionMask = 2147483647;
			files = (
			);
			inputPaths = (
			);
			outputPaths = (
			);
			runOnlyForDeploymentPostprocessing = 0;
			shellPath = /bin/sh;
			shellScript = "# Run the unit tests in this test bundle.\n\"${SYSTEM_DEVELOPER_DIR}/Tools/RunUnitTests\"\n";
		};
/* End PBXShellScriptBuildPhase section */

/* Begin PBXSourcesBuildPhase section */
		117C48BE14EB64F60049452F /* Sources */ = {
			isa = PBXSourcesBuildPhase;
			buildActionMask = 2147483647;
			files = (
				117C48D014EB652F0049452F /* ABTableViewCell.m in Sources */,
			);
			runOnlyForDeploymentPostprocessing = 0;
		};
		11AE975214EB57EF00F7ED46 /* Sources */ = {
			isa = PBXSourcesBuildPhase;
			buildActionMask = 2147483647;
			files = (
				11AE977B14EB582600F7ED46 /* ASIAuthenticationDialog.m in Sources */,
				11AE977D14EB582600F7ED46 /* ASIInputStream.m in Sources */,
				11AE977F14EB582600F7ED46 /* ASIFormDataRequest.m in Sources */,
				11AE978114EB582600F7ED46 /* ASIHTTPRequest.m in Sources */,
				11AE978314EB582600F7ED46 /* ASINetworkQueue.m in Sources */,
				11AE978514EB582600F7ED46 /* ASIDownloadCache.m in Sources */,
				11AE978714EB582600F7ED46 /* ASIDataDecompressor.m in Sources */,
				11AE978914EB582600F7ED46 /* ASIDataCompressor.m in Sources */,
				11AE979B14EB599C00F7ED46 /* Reachability.m in Sources */,
			);
			runOnlyForDeploymentPostprocessing = 0;
		};
		11C5DFA314DCCDDF006D1DB4 /* Sources */ = {
			isa = PBXSourcesBuildPhase;
			buildActionMask = 2147483647;
			files = (
				11C5DFB814DCCDDF006D1DB4 /* main.m in Sources */,
				11C5DFBC14DCCDDF006D1DB4 /* AppDelegate.m in Sources */,
				11C5DFBF14DCCDDF006D1DB4 /* MainViewController.m in Sources */,
				11C5DFC214DCCDDF006D1DB4 /* FlipsideViewController.m in Sources */,
				117C48D714EB66140049452F /* Constants.m in Sources */,
				114ADBAD14EC354700463F0C /* Flight.m in Sources */,
				114ADBB114EC41C700463F0C /* Airport.m in Sources */,
			);
			runOnlyForDeploymentPostprocessing = 0;
		};
		11C5DFC914DCCDDF006D1DB4 /* Sources */ = {
			isa = PBXSourcesBuildPhase;
			buildActionMask = 2147483647;
			files = (
				11C5DFDD14DCCDDF006D1DB4 /* JustLandedTests.m in Sources */,
			);
			runOnlyForDeploymentPostprocessing = 0;
		};
/* End PBXSourcesBuildPhase section */

/* Begin PBXTargetDependency section */
		117C48D314EB65700049452F /* PBXTargetDependency */ = {
			isa = PBXTargetDependency;
			target = 117C48C114EB64F60049452F /* ABTableViewCell */;
			targetProxy = 117C48D214EB65700049452F /* PBXContainerItemProxy */;
		};
		11AE97A614EB5AAE00F7ED46 /* PBXTargetDependency */ = {
			isa = PBXTargetDependency;
			target = 11AE975514EB57EF00F7ED46 /* ASIHTTPRequest */;
			targetProxy = 11AE97A514EB5AAE00F7ED46 /* PBXContainerItemProxy */;
		};
		11C5DFD414DCCDDF006D1DB4 /* PBXTargetDependency */ = {
			isa = PBXTargetDependency;
			target = 11C5DFA614DCCDDF006D1DB4 /* JustLanded */;
			targetProxy = 11C5DFD314DCCDDF006D1DB4 /* PBXContainerItemProxy */;
		};
/* End PBXTargetDependency section */

/* Begin PBXVariantGroup section */
		11C5DFB414DCCDDF006D1DB4 /* InfoPlist.strings */ = {
			isa = PBXVariantGroup;
			children = (
				11C5DFB514DCCDDF006D1DB4 /* en */,
			);
			name = InfoPlist.strings;
			sourceTree = "<group>";
		};
		11C5DFC314DCCDDF006D1DB4 /* MainViewController.xib */ = {
			isa = PBXVariantGroup;
			children = (
				11C5DFC414DCCDDF006D1DB4 /* en */,
			);
			name = MainViewController.xib;
			sourceTree = "<group>";
		};
		11C5DFC614DCCDDF006D1DB4 /* FlipsideViewController.xib */ = {
			isa = PBXVariantGroup;
			children = (
				11C5DFC714DCCDDF006D1DB4 /* en */,
			);
			name = FlipsideViewController.xib;
			sourceTree = "<group>";
		};
		11C5DFD814DCCDDF006D1DB4 /* InfoPlist.strings */ = {
			isa = PBXVariantGroup;
			children = (
				11C5DFD914DCCDDF006D1DB4 /* en */,
			);
			name = InfoPlist.strings;
			sourceTree = "<group>";
		};
/* End PBXVariantGroup section */

/* Begin XCBuildConfiguration section */
		117C48CB14EB64F60049452F /* Debug */ = {
			isa = XCBuildConfiguration;
			buildSettings = {
				CLANG_ENABLE_OBJC_ARC = NO;
				DSTROOT = /tmp/ABTableViewCell.dst;
				GCC_PRECOMPILE_PREFIX_HEADER = YES;
				GCC_PREFIX_HEADER = "ABTableViewCell/ABTableViewCell-Prefix.pch";
				OTHER_LDFLAGS = "-ObjC";
				PRODUCT_NAME = "$(TARGET_NAME)";
				SKIP_INSTALL = YES;
			};
			name = Debug;
		};
		117C48CC14EB64F60049452F /* Release */ = {
			isa = XCBuildConfiguration;
			buildSettings = {
				CLANG_ENABLE_OBJC_ARC = NO;
				DSTROOT = /tmp/ABTableViewCell.dst;
				GCC_PRECOMPILE_PREFIX_HEADER = YES;
				GCC_PREFIX_HEADER = "ABTableViewCell/ABTableViewCell-Prefix.pch";
				OTHER_LDFLAGS = "-ObjC";
				PRODUCT_NAME = "$(TARGET_NAME)";
				SKIP_INSTALL = YES;
			};
			name = Release;
		};
		11AE975E14EB57F000F7ED46 /* Debug */ = {
			isa = XCBuildConfiguration;
			buildSettings = {
				CLANG_ENABLE_OBJC_ARC = NO;
				DSTROOT = /tmp/ASIHTTPRequest.dst;
				OTHER_LDFLAGS = "-ObjC";
				PRODUCT_NAME = "$(TARGET_NAME)";
				SKIP_INSTALL = YES;
			};
			name = Debug;
		};
		11AE975F14EB57F000F7ED46 /* Release */ = {
			isa = XCBuildConfiguration;
			buildSettings = {
				CLANG_ENABLE_OBJC_ARC = NO;
				DSTROOT = /tmp/ASIHTTPRequest.dst;
				OTHER_LDFLAGS = "-ObjC";
				PRODUCT_NAME = "$(TARGET_NAME)";
				SKIP_INSTALL = YES;
			};
			name = Release;
		};
		11C5DFDE14DCCDDF006D1DB4 /* Debug */ = {
			isa = XCBuildConfiguration;
			buildSettings = {
				ALWAYS_SEARCH_USER_PATHS = NO;
				ARCHS = "$(ARCHS_STANDARD_32_BIT)";
				CLANG_ENABLE_OBJC_ARC = YES;
				"CODE_SIGN_IDENTITY[sdk=iphoneos*]" = "iPhone Developer";
				COPY_PHASE_STRIP = NO;
				GCC_C_LANGUAGE_STANDARD = gnu99;
				GCC_DYNAMIC_NO_PIC = NO;
				GCC_OPTIMIZATION_LEVEL = 0;
				GCC_PREPROCESSOR_DEFINITIONS = (
					"DEBUG=1",
					"$(inherited)",
				);
				GCC_SYMBOLS_PRIVATE_EXTERN = NO;
				GCC_VERSION = com.apple.compilers.llvm.clang.1_0;
				GCC_WARN_ABOUT_MISSING_PROTOTYPES = YES;
				GCC_WARN_ABOUT_RETURN_TYPE = YES;
				GCC_WARN_UNUSED_VARIABLE = YES;
				IPHONEOS_DEPLOYMENT_TARGET = 5.0;
				SDKROOT = iphoneos;
			};
			name = Debug;
		};
		11C5DFDF14DCCDDF006D1DB4 /* Release */ = {
			isa = XCBuildConfiguration;
			buildSettings = {
				ALWAYS_SEARCH_USER_PATHS = NO;
				ARCHS = "$(ARCHS_STANDARD_32_BIT)";
				CLANG_ENABLE_OBJC_ARC = YES;
				"CODE_SIGN_IDENTITY[sdk=iphoneos*]" = "iPhone Developer";
				COPY_PHASE_STRIP = YES;
				GCC_C_LANGUAGE_STANDARD = gnu99;
				GCC_VERSION = com.apple.compilers.llvm.clang.1_0;
				GCC_WARN_ABOUT_MISSING_PROTOTYPES = YES;
				GCC_WARN_ABOUT_RETURN_TYPE = YES;
				GCC_WARN_UNUSED_VARIABLE = YES;
				IPHONEOS_DEPLOYMENT_TARGET = 5.0;
				OTHER_CFLAGS = "-DNS_BLOCK_ASSERTIONS=1";
				SDKROOT = iphoneos;
				VALIDATE_PRODUCT = YES;
			};
			name = Release;
		};
		11C5DFE114DCCDDF006D1DB4 /* Debug */ = {
			isa = XCBuildConfiguration;
			buildSettings = {
				GCC_PRECOMPILE_PREFIX_HEADER = YES;
				GCC_PREFIX_HEADER = "JustLanded/JustLanded-Prefix.pch";
				GCC_PREPROCESSOR_DEFINITIONS = (
					LOCAL,
					"DEBUG=1",
					"$(inherited)",
				);
				INFOPLIST_FILE = "JustLanded/JustLanded-Info.plist";
				IPHONEOS_DEPLOYMENT_TARGET = 5.0;
				LIBRARY_SEARCH_PATHS = (
					"$(inherited)",
					"\"$(SRCROOT)/FlurryAnalytics\"",
				);
				PRODUCT_NAME = "$(TARGET_NAME)";
				WRAPPER_EXTENSION = app;
			};
			name = Debug;
		};
		11C5DFE214DCCDDF006D1DB4 /* Release */ = {
			isa = XCBuildConfiguration;
			buildSettings = {
				GCC_PRECOMPILE_PREFIX_HEADER = YES;
				GCC_PREFIX_HEADER = "JustLanded/JustLanded-Prefix.pch";
				INFOPLIST_FILE = "JustLanded/JustLanded-Info.plist";
				IPHONEOS_DEPLOYMENT_TARGET = 5.0;
				LIBRARY_SEARCH_PATHS = (
					"$(inherited)",
					"\"$(SRCROOT)/FlurryAnalytics\"",
				);
				PRODUCT_NAME = "$(TARGET_NAME)";
				WRAPPER_EXTENSION = app;
			};
			name = Release;
		};
		11C5DFE414DCCDDF006D1DB4 /* Debug */ = {
			isa = XCBuildConfiguration;
			buildSettings = {
				BUNDLE_LOADER = "$(BUILT_PRODUCTS_DIR)/JustLanded.app/JustLanded";
				FRAMEWORK_SEARCH_PATHS = (
					"$(SDKROOT)/Developer/Library/Frameworks",
					"$(DEVELOPER_LIBRARY_DIR)/Frameworks",
				);
				GCC_PRECOMPILE_PREFIX_HEADER = YES;
				GCC_PREFIX_HEADER = "JustLanded/JustLanded-Prefix.pch";
				INFOPLIST_FILE = "JustLandedTests/JustLandedTests-Info.plist";
				PRODUCT_NAME = "$(TARGET_NAME)";
				TEST_HOST = "$(BUNDLE_LOADER)";
				WRAPPER_EXTENSION = octest;
			};
			name = Debug;
		};
		11C5DFE514DCCDDF006D1DB4 /* Release */ = {
			isa = XCBuildConfiguration;
			buildSettings = {
				BUNDLE_LOADER = "$(BUILT_PRODUCTS_DIR)/JustLanded.app/JustLanded";
				FRAMEWORK_SEARCH_PATHS = (
					"$(SDKROOT)/Developer/Library/Frameworks",
					"$(DEVELOPER_LIBRARY_DIR)/Frameworks",
				);
				GCC_PRECOMPILE_PREFIX_HEADER = YES;
				GCC_PREFIX_HEADER = "JustLanded/JustLanded-Prefix.pch";
				INFOPLIST_FILE = "JustLandedTests/JustLandedTests-Info.plist";
				PRODUCT_NAME = "$(TARGET_NAME)";
				TEST_HOST = "$(BUNDLE_LOADER)";
				WRAPPER_EXTENSION = octest;
			};
			name = Release;
		};
/* End XCBuildConfiguration section */

/* Begin XCConfigurationList section */
		117C48CA14EB64F60049452F /* Build configuration list for PBXNativeTarget "ABTableViewCell" */ = {
			isa = XCConfigurationList;
			buildConfigurations = (
				117C48CB14EB64F60049452F /* Debug */,
				117C48CC14EB64F60049452F /* Release */,
			);
			defaultConfigurationIsVisible = 0;
			defaultConfigurationName = Release;
		};
		11AE976014EB57F000F7ED46 /* Build configuration list for PBXNativeTarget "ASIHTTPRequest" */ = {
			isa = XCConfigurationList;
			buildConfigurations = (
				11AE975E14EB57F000F7ED46 /* Debug */,
				11AE975F14EB57F000F7ED46 /* Release */,
			);
			defaultConfigurationIsVisible = 0;
			defaultConfigurationName = Release;
		};
		11C5DFA114DCCDDF006D1DB4 /* Build configuration list for PBXProject "JustLanded" */ = {
			isa = XCConfigurationList;
			buildConfigurations = (
				11C5DFDE14DCCDDF006D1DB4 /* Debug */,
				11C5DFDF14DCCDDF006D1DB4 /* Release */,
			);
			defaultConfigurationIsVisible = 0;
			defaultConfigurationName = Release;
		};
		11C5DFE014DCCDDF006D1DB4 /* Build configuration list for PBXNativeTarget "JustLanded" */ = {
			isa = XCConfigurationList;
			buildConfigurations = (
				11C5DFE114DCCDDF006D1DB4 /* Debug */,
				11C5DFE214DCCDDF006D1DB4 /* Release */,
			);
			defaultConfigurationIsVisible = 0;
			defaultConfigurationName = Release;
		};
		11C5DFE314DCCDDF006D1DB4 /* Build configuration list for PBXNativeTarget "JustLandedTests" */ = {
			isa = XCConfigurationList;
			buildConfigurations = (
				11C5DFE414DCCDDF006D1DB4 /* Debug */,
				11C5DFE514DCCDDF006D1DB4 /* Release */,
			);
			defaultConfigurationIsVisible = 0;
			defaultConfigurationName = Release;
		};
/* End XCConfigurationList section */
	};
	rootObject = 11C5DF9E14DCCDDF006D1DB4 /* Project object */;
}
