// !$*UTF8*$!
{
	archiveVersion = 1;
	classes = {
	};
	objectVersion = 46;
	objects = {

/* Begin PBXBuildFile section */
		114ADBAD14EC354700463F0C /* Flight.m in Sources */ = {isa = PBXBuildFile; fileRef = 114ADBAC14EC354700463F0C /* Flight.m */; };
		114ADBB114EC41C700463F0C /* Airport.m in Sources */ = {isa = PBXBuildFile; fileRef = 114ADBB014EC41C700463F0C /* Airport.m */; };
		116CB8E914EF4E67003AB446 /* Foundation.framework in Frameworks */ = {isa = PBXBuildFile; fileRef = 11C5DFAD14DCCDDF006D1DB4 /* Foundation.framework */; };
		116CB90914EF4E9F003AB446 /* AFHTTPClient.h in Headers */ = {isa = PBXBuildFile; fileRef = 116CB8F414EF4E9F003AB446 /* AFHTTPClient.h */; };
		116CB90A14EF4E9F003AB446 /* AFHTTPClient.m in Sources */ = {isa = PBXBuildFile; fileRef = 116CB8F514EF4E9F003AB446 /* AFHTTPClient.m */; };
		116CB90B14EF4E9F003AB446 /* AFHTTPRequestOperation.h in Headers */ = {isa = PBXBuildFile; fileRef = 116CB8F614EF4E9F003AB446 /* AFHTTPRequestOperation.h */; };
		116CB90C14EF4E9F003AB446 /* AFHTTPRequestOperation.m in Sources */ = {isa = PBXBuildFile; fileRef = 116CB8F714EF4E9F003AB446 /* AFHTTPRequestOperation.m */; };
		116CB90D14EF4E9F003AB446 /* AFImageRequestOperation.h in Headers */ = {isa = PBXBuildFile; fileRef = 116CB8F814EF4E9F003AB446 /* AFImageRequestOperation.h */; };
		116CB90E14EF4E9F003AB446 /* AFImageRequestOperation.m in Sources */ = {isa = PBXBuildFile; fileRef = 116CB8F914EF4E9F003AB446 /* AFImageRequestOperation.m */; };
		116CB90F14EF4E9F003AB446 /* AFJSONRequestOperation.h in Headers */ = {isa = PBXBuildFile; fileRef = 116CB8FA14EF4E9F003AB446 /* AFJSONRequestOperation.h */; };
		116CB91014EF4E9F003AB446 /* AFJSONRequestOperation.m in Sources */ = {isa = PBXBuildFile; fileRef = 116CB8FB14EF4E9F003AB446 /* AFJSONRequestOperation.m */; };
		116CB91114EF4E9F003AB446 /* AFJSONUtilities.h in Headers */ = {isa = PBXBuildFile; fileRef = 116CB8FC14EF4E9F003AB446 /* AFJSONUtilities.h */; };
		116CB91214EF4E9F003AB446 /* AFJSONUtilities.m in Sources */ = {isa = PBXBuildFile; fileRef = 116CB8FD14EF4E9F003AB446 /* AFJSONUtilities.m */; };
		116CB91314EF4E9F003AB446 /* AFNetworkActivityIndicatorManager.h in Headers */ = {isa = PBXBuildFile; fileRef = 116CB8FE14EF4E9F003AB446 /* AFNetworkActivityIndicatorManager.h */; };
		116CB91414EF4E9F003AB446 /* AFNetworkActivityIndicatorManager.m in Sources */ = {isa = PBXBuildFile; fileRef = 116CB8FF14EF4E9F003AB446 /* AFNetworkActivityIndicatorManager.m */; };
		116CB91514EF4E9F003AB446 /* AFNetworking.h in Headers */ = {isa = PBXBuildFile; fileRef = 116CB90014EF4E9F003AB446 /* AFNetworking.h */; };
		116CB91614EF4E9F003AB446 /* AFPropertyListRequestOperation.h in Headers */ = {isa = PBXBuildFile; fileRef = 116CB90114EF4E9F003AB446 /* AFPropertyListRequestOperation.h */; };
		116CB91714EF4E9F003AB446 /* AFPropertyListRequestOperation.m in Sources */ = {isa = PBXBuildFile; fileRef = 116CB90214EF4E9F003AB446 /* AFPropertyListRequestOperation.m */; };
		116CB91814EF4E9F003AB446 /* AFURLConnectionOperation.h in Headers */ = {isa = PBXBuildFile; fileRef = 116CB90314EF4E9F003AB446 /* AFURLConnectionOperation.h */; };
		116CB91914EF4E9F003AB446 /* AFURLConnectionOperation.m in Sources */ = {isa = PBXBuildFile; fileRef = 116CB90414EF4E9F003AB446 /* AFURLConnectionOperation.m */; };
		116CB91A14EF4E9F003AB446 /* AFXMLRequestOperation.h in Headers */ = {isa = PBXBuildFile; fileRef = 116CB90514EF4E9F003AB446 /* AFXMLRequestOperation.h */; };
		116CB91B14EF4E9F003AB446 /* AFXMLRequestOperation.m in Sources */ = {isa = PBXBuildFile; fileRef = 116CB90614EF4E9F003AB446 /* AFXMLRequestOperation.m */; };
		116CB91C14EF4E9F003AB446 /* UIImageView+AFNetworking.h in Headers */ = {isa = PBXBuildFile; fileRef = 116CB90714EF4E9F003AB446 /* UIImageView+AFNetworking.h */; };
		116CB91D14EF4E9F003AB446 /* UIImageView+AFNetworking.m in Sources */ = {isa = PBXBuildFile; fileRef = 116CB90814EF4E9F003AB446 /* UIImageView+AFNetworking.m */; };
		116CB92014EF4F78003AB446 /* libAFNetworking.a in Frameworks */ = {isa = PBXBuildFile; fileRef = 116CB8E814EF4E67003AB446 /* libAFNetworking.a */; };
		116CB92114EF7ABE003AB446 /* SystemConfiguration.framework in Frameworks */ = {isa = PBXBuildFile; fileRef = 11AE97A914EB5ADE00F7ED46 /* SystemConfiguration.framework */; };
		116CB92814EF7E31003AB446 /* JustLandedAPIClient.m in Sources */ = {isa = PBXBuildFile; fileRef = 116CB92714EF7E31003AB446 /* JustLandedAPIClient.m */; };
		116CB96414EF85F0003AB446 /* JustLandedSession.m in Sources */ = {isa = PBXBuildFile; fileRef = 116CB96314EF85F0003AB446 /* JustLandedSession.m */; };
		116CB9DF14F058EE003AB446 /* NSDate+SLExtensions.m in Sources */ = {isa = PBXBuildFile; fileRef = 116CB9DC14F058EE003AB446 /* NSDate+SLExtensions.m */; };
		116CB9E014F058EE003AB446 /* NSDictionary+SLExtensions.m in Sources */ = {isa = PBXBuildFile; fileRef = 116CB9DE14F058EE003AB446 /* NSDictionary+SLExtensions.m */; };
		116CBA5614F343A8003AB446 /* FlightResultTableViewCell.m in Sources */ = {isa = PBXBuildFile; fileRef = 116CBA5514F343A8003AB446 /* FlightResultTableViewCell.m */; };
		117C48C314EB64F60049452F /* Foundation.framework in Frameworks */ = {isa = PBXBuildFile; fileRef = 11C5DFAD14DCCDDF006D1DB4 /* Foundation.framework */; };
		117C48D014EB652F0049452F /* ABTableViewCell.m in Sources */ = {isa = PBXBuildFile; fileRef = 117C48CE14EB652F0049452F /* ABTableViewCell.m */; };
		117C48D114EB65530049452F /* UIKit.framework in Frameworks */ = {isa = PBXBuildFile; fileRef = 11C5DFAB14DCCDDF006D1DB4 /* UIKit.framework */; };
		117C48D414EB65760049452F /* libABTableViewCell.a in Frameworks */ = {isa = PBXBuildFile; fileRef = 117C48C214EB64F60049452F /* libABTableViewCell.a */; };
		117C48D714EB66140049452F /* Constants.m in Sources */ = {isa = PBXBuildFile; fileRef = 117C48D614EB66140049452F /* Constants.m */; };
		117C48DB14EB68D10049452F /* libFlurryAnalytics.a in Frameworks */ = {isa = PBXBuildFile; fileRef = 117C48DA14EB68D10049452F /* libFlurryAnalytics.a */; };
		11AE979E14EB5A4100F7ED46 /* CFNetwork.framework in Frameworks */ = {isa = PBXBuildFile; fileRef = 11AE979C14EB5A2200F7ED46 /* CFNetwork.framework */; };
		11AE97A814EB5AD600F7ED46 /* MobileCoreServices.framework in Frameworks */ = {isa = PBXBuildFile; fileRef = 11AE97A714EB5AD600F7ED46 /* MobileCoreServices.framework */; };
		11AE97AA14EB5ADE00F7ED46 /* SystemConfiguration.framework in Frameworks */ = {isa = PBXBuildFile; fileRef = 11AE97A914EB5ADE00F7ED46 /* SystemConfiguration.framework */; };
		11AE97AC14EB5AFC00F7ED46 /* libz.dylib in Frameworks */ = {isa = PBXBuildFile; fileRef = 11AE97AB14EB5AFC00F7ED46 /* libz.dylib */; };
		11AE97F614EB5FB700F7ED46 /* AudioToolbox.framework in Frameworks */ = {isa = PBXBuildFile; fileRef = 11AE97F414EB5FAA00F7ED46 /* AudioToolbox.framework */; };
		11AE97F714EB5FB700F7ED46 /* CoreLocation.framework in Frameworks */ = {isa = PBXBuildFile; fileRef = 11AE97F214EB5FA400F7ED46 /* CoreLocation.framework */; };
		11AE97FA14EB5FE200F7ED46 /* QuartzCore.framework in Frameworks */ = {isa = PBXBuildFile; fileRef = 11AE97F814EB5FDA00F7ED46 /* QuartzCore.framework */; };
		11AE97FD14EB5FF800F7ED46 /* Security.framework in Frameworks */ = {isa = PBXBuildFile; fileRef = 11AE97FB14EB5FF300F7ED46 /* Security.framework */; };
		11C5DFAC14DCCDDF006D1DB4 /* UIKit.framework in Frameworks */ = {isa = PBXBuildFile; fileRef = 11C5DFAB14DCCDDF006D1DB4 /* UIKit.framework */; };
		11C5DFAE14DCCDDF006D1DB4 /* Foundation.framework in Frameworks */ = {isa = PBXBuildFile; fileRef = 11C5DFAD14DCCDDF006D1DB4 /* Foundation.framework */; };
		11C5DFB014DCCDDF006D1DB4 /* CoreGraphics.framework in Frameworks */ = {isa = PBXBuildFile; fileRef = 11C5DFAF14DCCDDF006D1DB4 /* CoreGraphics.framework */; };
		11C5DFB614DCCDDF006D1DB4 /* InfoPlist.strings in Resources */ = {isa = PBXBuildFile; fileRef = 11C5DFB414DCCDDF006D1DB4 /* InfoPlist.strings */; };
		11C5DFB814DCCDDF006D1DB4 /* main.m in Sources */ = {isa = PBXBuildFile; fileRef = 11C5DFB714DCCDDF006D1DB4 /* main.m */; };
		11C5DFBC14DCCDDF006D1DB4 /* AppDelegate.m in Sources */ = {isa = PBXBuildFile; fileRef = 11C5DFBB14DCCDDF006D1DB4 /* AppDelegate.m */; };
		11C5DFBF14DCCDDF006D1DB4 /* FlightLookupViewController.m in Sources */ = {isa = PBXBuildFile; fileRef = 11C5DFBE14DCCDDF006D1DB4 /* FlightLookupViewController.m */; };
		11C5DFC214DCCDDF006D1DB4 /* FlightTrackViewController.m in Sources */ = {isa = PBXBuildFile; fileRef = 11C5DFC114DCCDDF006D1DB4 /* FlightTrackViewController.m */; };
		11C5DFD014DCCDDF006D1DB4 /* SenTestingKit.framework in Frameworks */ = {isa = PBXBuildFile; fileRef = 11C5DFCF14DCCDDF006D1DB4 /* SenTestingKit.framework */; };
		11C5DFD114DCCDDF006D1DB4 /* UIKit.framework in Frameworks */ = {isa = PBXBuildFile; fileRef = 11C5DFAB14DCCDDF006D1DB4 /* UIKit.framework */; };
		11C5DFD214DCCDDF006D1DB4 /* Foundation.framework in Frameworks */ = {isa = PBXBuildFile; fileRef = 11C5DFAD14DCCDDF006D1DB4 /* Foundation.framework */; };
		11C5DFDA14DCCDDF006D1DB4 /* InfoPlist.strings in Resources */ = {isa = PBXBuildFile; fileRef = 11C5DFD814DCCDDF006D1DB4 /* InfoPlist.strings */; };
		11C5DFDD14DCCDDF006D1DB4 /* JustLandedTests.m in Sources */ = {isa = PBXBuildFile; fileRef = 11C5DFDC14DCCDDF006D1DB4 /* JustLandedTests.m */; };
/* End PBXBuildFile section */

/* Begin PBXContainerItemProxy section */
		116CB91E14EF4F70003AB446 /* PBXContainerItemProxy */ = {
			isa = PBXContainerItemProxy;
			containerPortal = 11C5DF9E14DCCDDF006D1DB4 /* Project object */;
			proxyType = 1;
			remoteGlobalIDString = 116CB8E714EF4E67003AB446;
			remoteInfo = AFNetworking;
		};
		117C48D214EB65700049452F /* PBXContainerItemProxy */ = {
			isa = PBXContainerItemProxy;
			containerPortal = 11C5DF9E14DCCDDF006D1DB4 /* Project object */;
			proxyType = 1;
			remoteGlobalIDString = 117C48C114EB64F60049452F;
			remoteInfo = ABTableViewCell;
		};
		11C5DFD314DCCDDF006D1DB4 /* PBXContainerItemProxy */ = {
			isa = PBXContainerItemProxy;
			containerPortal = 11C5DF9E14DCCDDF006D1DB4 /* Project object */;
			proxyType = 1;
			remoteGlobalIDString = 11C5DFA614DCCDDF006D1DB4;
			remoteInfo = JustLanded;
		};
/* End PBXContainerItemProxy section */

/* Begin PBXFileReference section */
		114ADBAB14EC354700463F0C /* Flight.h */ = {isa = PBXFileReference; fileEncoding = 4; lastKnownFileType = sourcecode.c.h; path = Flight.h; sourceTree = "<group>"; };
		114ADBAC14EC354700463F0C /* Flight.m */ = {isa = PBXFileReference; fileEncoding = 4; lastKnownFileType = sourcecode.c.objc; path = Flight.m; sourceTree = "<group>"; };
		114ADBAF14EC41C700463F0C /* Airport.h */ = {isa = PBXFileReference; fileEncoding = 4; lastKnownFileType = sourcecode.c.h; path = Airport.h; sourceTree = "<group>"; };
		114ADBB014EC41C700463F0C /* Airport.m */ = {isa = PBXFileReference; fileEncoding = 4; lastKnownFileType = sourcecode.c.objc; path = Airport.m; sourceTree = "<group>"; };
		116CB8E814EF4E67003AB446 /* libAFNetworking.a */ = {isa = PBXFileReference; explicitFileType = archive.ar; includeInIndex = 0; path = libAFNetworking.a; sourceTree = BUILT_PRODUCTS_DIR; };
		116CB8F414EF4E9F003AB446 /* AFHTTPClient.h */ = {isa = PBXFileReference; fileEncoding = 4; lastKnownFileType = sourcecode.c.h; path = AFHTTPClient.h; sourceTree = "<group>"; };
		116CB8F514EF4E9F003AB446 /* AFHTTPClient.m */ = {isa = PBXFileReference; fileEncoding = 4; lastKnownFileType = sourcecode.c.objc; path = AFHTTPClient.m; sourceTree = "<group>"; };
		116CB8F614EF4E9F003AB446 /* AFHTTPRequestOperation.h */ = {isa = PBXFileReference; fileEncoding = 4; lastKnownFileType = sourcecode.c.h; path = AFHTTPRequestOperation.h; sourceTree = "<group>"; };
		116CB8F714EF4E9F003AB446 /* AFHTTPRequestOperation.m */ = {isa = PBXFileReference; fileEncoding = 4; lastKnownFileType = sourcecode.c.objc; path = AFHTTPRequestOperation.m; sourceTree = "<group>"; };
		116CB8F814EF4E9F003AB446 /* AFImageRequestOperation.h */ = {isa = PBXFileReference; fileEncoding = 4; lastKnownFileType = sourcecode.c.h; path = AFImageRequestOperation.h; sourceTree = "<group>"; };
		116CB8F914EF4E9F003AB446 /* AFImageRequestOperation.m */ = {isa = PBXFileReference; fileEncoding = 4; lastKnownFileType = sourcecode.c.objc; path = AFImageRequestOperation.m; sourceTree = "<group>"; };
		116CB8FA14EF4E9F003AB446 /* AFJSONRequestOperation.h */ = {isa = PBXFileReference; fileEncoding = 4; lastKnownFileType = sourcecode.c.h; path = AFJSONRequestOperation.h; sourceTree = "<group>"; };
		116CB8FB14EF4E9F003AB446 /* AFJSONRequestOperation.m */ = {isa = PBXFileReference; fileEncoding = 4; lastKnownFileType = sourcecode.c.objc; path = AFJSONRequestOperation.m; sourceTree = "<group>"; };
		116CB8FC14EF4E9F003AB446 /* AFJSONUtilities.h */ = {isa = PBXFileReference; fileEncoding = 4; lastKnownFileType = sourcecode.c.h; path = AFJSONUtilities.h; sourceTree = "<group>"; };
		116CB8FD14EF4E9F003AB446 /* AFJSONUtilities.m */ = {isa = PBXFileReference; fileEncoding = 4; lastKnownFileType = sourcecode.c.objc; path = AFJSONUtilities.m; sourceTree = "<group>"; };
		116CB8FE14EF4E9F003AB446 /* AFNetworkActivityIndicatorManager.h */ = {isa = PBXFileReference; fileEncoding = 4; lastKnownFileType = sourcecode.c.h; path = AFNetworkActivityIndicatorManager.h; sourceTree = "<group>"; };
		116CB8FF14EF4E9F003AB446 /* AFNetworkActivityIndicatorManager.m */ = {isa = PBXFileReference; fileEncoding = 4; lastKnownFileType = sourcecode.c.objc; path = AFNetworkActivityIndicatorManager.m; sourceTree = "<group>"; };
		116CB90014EF4E9F003AB446 /* AFNetworking.h */ = {isa = PBXFileReference; fileEncoding = 4; lastKnownFileType = sourcecode.c.h; path = AFNetworking.h; sourceTree = "<group>"; };
		116CB90114EF4E9F003AB446 /* AFPropertyListRequestOperation.h */ = {isa = PBXFileReference; fileEncoding = 4; lastKnownFileType = sourcecode.c.h; path = AFPropertyListRequestOperation.h; sourceTree = "<group>"; };
		116CB90214EF4E9F003AB446 /* AFPropertyListRequestOperation.m */ = {isa = PBXFileReference; fileEncoding = 4; lastKnownFileType = sourcecode.c.objc; path = AFPropertyListRequestOperation.m; sourceTree = "<group>"; };
		116CB90314EF4E9F003AB446 /* AFURLConnectionOperation.h */ = {isa = PBXFileReference; fileEncoding = 4; lastKnownFileType = sourcecode.c.h; path = AFURLConnectionOperation.h; sourceTree = "<group>"; };
		116CB90414EF4E9F003AB446 /* AFURLConnectionOperation.m */ = {isa = PBXFileReference; fileEncoding = 4; lastKnownFileType = sourcecode.c.objc; path = AFURLConnectionOperation.m; sourceTree = "<group>"; };
		116CB90514EF4E9F003AB446 /* AFXMLRequestOperation.h */ = {isa = PBXFileReference; fileEncoding = 4; lastKnownFileType = sourcecode.c.h; path = AFXMLRequestOperation.h; sourceTree = "<group>"; };
		116CB90614EF4E9F003AB446 /* AFXMLRequestOperation.m */ = {isa = PBXFileReference; fileEncoding = 4; lastKnownFileType = sourcecode.c.objc; path = AFXMLRequestOperation.m; sourceTree = "<group>"; };
		116CB90714EF4E9F003AB446 /* UIImageView+AFNetworking.h */ = {isa = PBXFileReference; fileEncoding = 4; lastKnownFileType = sourcecode.c.h; path = "UIImageView+AFNetworking.h"; sourceTree = "<group>"; };
		116CB90814EF4E9F003AB446 /* UIImageView+AFNetworking.m */ = {isa = PBXFileReference; fileEncoding = 4; lastKnownFileType = sourcecode.c.objc; path = "UIImageView+AFNetworking.m"; sourceTree = "<group>"; };
		116CB92614EF7E31003AB446 /* JustLandedAPIClient.h */ = {isa = PBXFileReference; fileEncoding = 4; lastKnownFileType = sourcecode.c.h; path = JustLandedAPIClient.h; sourceTree = "<group>"; };
		116CB92714EF7E31003AB446 /* JustLandedAPIClient.m */ = {isa = PBXFileReference; fileEncoding = 4; lastKnownFileType = sourcecode.c.objc; path = JustLandedAPIClient.m; sourceTree = "<group>"; };
		116CB96214EF85F0003AB446 /* JustLandedSession.h */ = {isa = PBXFileReference; fileEncoding = 4; lastKnownFileType = sourcecode.c.h; path = JustLandedSession.h; sourceTree = "<group>"; };
		116CB96314EF85F0003AB446 /* JustLandedSession.m */ = {isa = PBXFileReference; fileEncoding = 4; lastKnownFileType = sourcecode.c.objc; path = JustLandedSession.m; sourceTree = "<group>"; };
		116CB9DB14F058EE003AB446 /* NSDate+SLExtensions.h */ = {isa = PBXFileReference; fileEncoding = 4; lastKnownFileType = sourcecode.c.h; path = "NSDate+SLExtensions.h"; sourceTree = "<group>"; };
		116CB9DC14F058EE003AB446 /* NSDate+SLExtensions.m */ = {isa = PBXFileReference; fileEncoding = 4; lastKnownFileType = sourcecode.c.objc; path = "NSDate+SLExtensions.m"; sourceTree = "<group>"; };
		116CB9DD14F058EE003AB446 /* NSDictionary+SLExtensions.h */ = {isa = PBXFileReference; fileEncoding = 4; lastKnownFileType = sourcecode.c.h; path = "NSDictionary+SLExtensions.h"; sourceTree = "<group>"; };
		116CB9DE14F058EE003AB446 /* NSDictionary+SLExtensions.m */ = {isa = PBXFileReference; fileEncoding = 4; lastKnownFileType = sourcecode.c.objc; path = "NSDictionary+SLExtensions.m"; sourceTree = "<group>"; };
		116CBA5414F343A8003AB446 /* FlightResultTableViewCell.h */ = {isa = PBXFileReference; fileEncoding = 4; lastKnownFileType = sourcecode.c.h; path = FlightResultTableViewCell.h; sourceTree = "<group>"; };
		116CBA5514F343A8003AB446 /* FlightResultTableViewCell.m */ = {isa = PBXFileReference; fileEncoding = 4; lastKnownFileType = sourcecode.c.objc; path = FlightResultTableViewCell.m; sourceTree = "<group>"; };
		117C48C214EB64F60049452F /* libABTableViewCell.a */ = {isa = PBXFileReference; explicitFileType = archive.ar; includeInIndex = 0; path = libABTableViewCell.a; sourceTree = BUILT_PRODUCTS_DIR; };
		117C48CD14EB652F0049452F /* ABTableViewCell.h */ = {isa = PBXFileReference; lastKnownFileType = sourcecode.c.h; path = ABTableViewCell.h; sourceTree = SOURCE_ROOT; };
		117C48CE14EB652F0049452F /* ABTableViewCell.m */ = {isa = PBXFileReference; lastKnownFileType = sourcecode.c.objc; path = ABTableViewCell.m; sourceTree = SOURCE_ROOT; };
		117C48D514EB66140049452F /* Constants.h */ = {isa = PBXFileReference; fileEncoding = 4; lastKnownFileType = sourcecode.c.h; path = Constants.h; sourceTree = "<group>"; };
		117C48D614EB66140049452F /* Constants.m */ = {isa = PBXFileReference; fileEncoding = 4; lastKnownFileType = sourcecode.c.objc; path = Constants.m; sourceTree = "<group>"; };
		117C48D914EB68D10049452F /* FlurryAnalytics.h */ = {isa = PBXFileReference; fileEncoding = 4; lastKnownFileType = sourcecode.c.h; path = FlurryAnalytics.h; sourceTree = "<group>"; };
		117C48DA14EB68D10049452F /* libFlurryAnalytics.a */ = {isa = PBXFileReference; lastKnownFileType = archive.ar; path = libFlurryAnalytics.a; sourceTree = "<group>"; };
		11AE979C14EB5A2200F7ED46 /* CFNetwork.framework */ = {isa = PBXFileReference; lastKnownFileType = wrapper.framework; name = CFNetwork.framework; path = System/Library/Frameworks/CFNetwork.framework; sourceTree = SDKROOT; };
		11AE97A714EB5AD600F7ED46 /* MobileCoreServices.framework */ = {isa = PBXFileReference; lastKnownFileType = wrapper.framework; name = MobileCoreServices.framework; path = System/Library/Frameworks/MobileCoreServices.framework; sourceTree = SDKROOT; };
		11AE97A914EB5ADE00F7ED46 /* SystemConfiguration.framework */ = {isa = PBXFileReference; lastKnownFileType = wrapper.framework; name = SystemConfiguration.framework; path = System/Library/Frameworks/SystemConfiguration.framework; sourceTree = SDKROOT; };
		11AE97AB14EB5AFC00F7ED46 /* libz.dylib */ = {isa = PBXFileReference; lastKnownFileType = "compiled.mach-o.dylib"; name = libz.dylib; path = usr/lib/libz.dylib; sourceTree = SDKROOT; };
		11AE97F214EB5FA400F7ED46 /* CoreLocation.framework */ = {isa = PBXFileReference; lastKnownFileType = wrapper.framework; name = CoreLocation.framework; path = System/Library/Frameworks/CoreLocation.framework; sourceTree = SDKROOT; };
		11AE97F414EB5FAA00F7ED46 /* AudioToolbox.framework */ = {isa = PBXFileReference; lastKnownFileType = wrapper.framework; name = AudioToolbox.framework; path = System/Library/Frameworks/AudioToolbox.framework; sourceTree = SDKROOT; };
		11AE97F814EB5FDA00F7ED46 /* QuartzCore.framework */ = {isa = PBXFileReference; lastKnownFileType = wrapper.framework; name = QuartzCore.framework; path = System/Library/Frameworks/QuartzCore.framework; sourceTree = SDKROOT; };
		11AE97FB14EB5FF300F7ED46 /* Security.framework */ = {isa = PBXFileReference; lastKnownFileType = wrapper.framework; name = Security.framework; path = System/Library/Frameworks/Security.framework; sourceTree = SDKROOT; };
		11C5DFA714DCCDDF006D1DB4 /* JustLanded.app */ = {isa = PBXFileReference; explicitFileType = wrapper.application; includeInIndex = 0; path = JustLanded.app; sourceTree = BUILT_PRODUCTS_DIR; };
		11C5DFAB14DCCDDF006D1DB4 /* UIKit.framework */ = {isa = PBXFileReference; lastKnownFileType = wrapper.framework; name = UIKit.framework; path = System/Library/Frameworks/UIKit.framework; sourceTree = SDKROOT; };
		11C5DFAD14DCCDDF006D1DB4 /* Foundation.framework */ = {isa = PBXFileReference; lastKnownFileType = wrapper.framework; name = Foundation.framework; path = System/Library/Frameworks/Foundation.framework; sourceTree = SDKROOT; };
		11C5DFAF14DCCDDF006D1DB4 /* CoreGraphics.framework */ = {isa = PBXFileReference; lastKnownFileType = wrapper.framework; name = CoreGraphics.framework; path = System/Library/Frameworks/CoreGraphics.framework; sourceTree = SDKROOT; };
		11C5DFB314DCCDDF006D1DB4 /* JustLanded-Info.plist */ = {isa = PBXFileReference; lastKnownFileType = text.plist.xml; path = "JustLanded-Info.plist"; sourceTree = "<group>"; };
		11C5DFB514DCCDDF006D1DB4 /* en */ = {isa = PBXFileReference; lastKnownFileType = text.plist.strings; name = en; path = en.lproj/InfoPlist.strings; sourceTree = "<group>"; };
		11C5DFB714DCCDDF006D1DB4 /* main.m */ = {isa = PBXFileReference; lastKnownFileType = sourcecode.c.objc; path = main.m; sourceTree = "<group>"; };
		11C5DFB914DCCDDF006D1DB4 /* JustLanded-Prefix.pch */ = {isa = PBXFileReference; lastKnownFileType = sourcecode.c.h; path = "JustLanded-Prefix.pch"; sourceTree = "<group>"; };
		11C5DFBA14DCCDDF006D1DB4 /* AppDelegate.h */ = {isa = PBXFileReference; lastKnownFileType = sourcecode.c.h; path = AppDelegate.h; sourceTree = "<group>"; };
		11C5DFBB14DCCDDF006D1DB4 /* AppDelegate.m */ = {isa = PBXFileReference; lastKnownFileType = sourcecode.c.objc; path = AppDelegate.m; sourceTree = "<group>"; };
		11C5DFBD14DCCDDF006D1DB4 /* FlightLookupViewController.h */ = {isa = PBXFileReference; lastKnownFileType = sourcecode.c.h; path = FlightLookupViewController.h; sourceTree = "<group>"; };
		11C5DFBE14DCCDDF006D1DB4 /* FlightLookupViewController.m */ = {isa = PBXFileReference; lastKnownFileType = sourcecode.c.objc; path = FlightLookupViewController.m; sourceTree = "<group>"; };
		11C5DFC014DCCDDF006D1DB4 /* FlightTrackViewController.h */ = {isa = PBXFileReference; lastKnownFileType = sourcecode.c.h; path = FlightTrackViewController.h; sourceTree = "<group>"; };
		11C5DFC114DCCDDF006D1DB4 /* FlightTrackViewController.m */ = {isa = PBXFileReference; lastKnownFileType = sourcecode.c.objc; path = FlightTrackViewController.m; sourceTree = "<group>"; };
		11C5DFCE14DCCDDF006D1DB4 /* JustLandedTests.octest */ = {isa = PBXFileReference; explicitFileType = wrapper.cfbundle; includeInIndex = 0; path = JustLandedTests.octest; sourceTree = BUILT_PRODUCTS_DIR; };
		11C5DFCF14DCCDDF006D1DB4 /* SenTestingKit.framework */ = {isa = PBXFileReference; lastKnownFileType = wrapper.framework; name = SenTestingKit.framework; path = Library/Frameworks/SenTestingKit.framework; sourceTree = DEVELOPER_DIR; };
		11C5DFD714DCCDDF006D1DB4 /* JustLandedTests-Info.plist */ = {isa = PBXFileReference; lastKnownFileType = text.plist.xml; path = "JustLandedTests-Info.plist"; sourceTree = "<group>"; };
		11C5DFD914DCCDDF006D1DB4 /* en */ = {isa = PBXFileReference; lastKnownFileType = text.plist.strings; name = en; path = en.lproj/InfoPlist.strings; sourceTree = "<group>"; };
		11C5DFDB14DCCDDF006D1DB4 /* JustLandedTests.h */ = {isa = PBXFileReference; lastKnownFileType = sourcecode.c.h; path = JustLandedTests.h; sourceTree = "<group>"; };
		11C5DFDC14DCCDDF006D1DB4 /* JustLandedTests.m */ = {isa = PBXFileReference; lastKnownFileType = sourcecode.c.objc; path = JustLandedTests.m; sourceTree = "<group>"; };
/* End PBXFileReference section */

/* Begin PBXFrameworksBuildPhase section */
		116CB8E514EF4E67003AB446 /* Frameworks */ = {
			isa = PBXFrameworksBuildPhase;
			buildActionMask = 2147483647;
			files = (
				116CB92114EF7ABE003AB446 /* SystemConfiguration.framework in Frameworks */,
				116CB8E914EF4E67003AB446 /* Foundation.framework in Frameworks */,
			);
			runOnlyForDeploymentPostprocessing = 0;
		};
		117C48BF14EB64F60049452F /* Frameworks */ = {
			isa = PBXFrameworksBuildPhase;
			buildActionMask = 2147483647;
			files = (
				117C48D114EB65530049452F /* UIKit.framework in Frameworks */,
				117C48C314EB64F60049452F /* Foundation.framework in Frameworks */,
			);
			runOnlyForDeploymentPostprocessing = 0;
		};
		11C5DFA414DCCDDF006D1DB4 /* Frameworks */ = {
			isa = PBXFrameworksBuildPhase;
			buildActionMask = 2147483647;
			files = (
				11AE97AA14EB5ADE00F7ED46 /* SystemConfiguration.framework in Frameworks */,
				11AE97FD14EB5FF800F7ED46 /* Security.framework in Frameworks */,
				11AE97FA14EB5FE200F7ED46 /* QuartzCore.framework in Frameworks */,
				11AE97F614EB5FB700F7ED46 /* AudioToolbox.framework in Frameworks */,
				11AE97F714EB5FB700F7ED46 /* CoreLocation.framework in Frameworks */,
				11AE97AC14EB5AFC00F7ED46 /* libz.dylib in Frameworks */,
				117C48D414EB65760049452F /* libABTableViewCell.a in Frameworks */,
				116CB92014EF4F78003AB446 /* libAFNetworking.a in Frameworks */,
				11AE97A814EB5AD600F7ED46 /* MobileCoreServices.framework in Frameworks */,
				11AE979E14EB5A4100F7ED46 /* CFNetwork.framework in Frameworks */,
				11C5DFAC14DCCDDF006D1DB4 /* UIKit.framework in Frameworks */,
				11C5DFAE14DCCDDF006D1DB4 /* Foundation.framework in Frameworks */,
				11C5DFB014DCCDDF006D1DB4 /* CoreGraphics.framework in Frameworks */,
				117C48DB14EB68D10049452F /* libFlurryAnalytics.a in Frameworks */,
			);
			runOnlyForDeploymentPostprocessing = 0;
		};
		11C5DFCA14DCCDDF006D1DB4 /* Frameworks */ = {
			isa = PBXFrameworksBuildPhase;
			buildActionMask = 2147483647;
			files = (
				11C5DFD014DCCDDF006D1DB4 /* SenTestingKit.framework in Frameworks */,
				11C5DFD114DCCDDF006D1DB4 /* UIKit.framework in Frameworks */,
				11C5DFD214DCCDDF006D1DB4 /* Foundation.framework in Frameworks */,
			);
			runOnlyForDeploymentPostprocessing = 0;
		};
/* End PBXFrameworksBuildPhase section */

/* Begin PBXGroup section */
		116CB8F314EF4E9F003AB446 /* AFNetworking */ = {
			isa = PBXGroup;
			children = (
				116CB8F414EF4E9F003AB446 /* AFHTTPClient.h */,
				116CB8F514EF4E9F003AB446 /* AFHTTPClient.m */,
				116CB8F614EF4E9F003AB446 /* AFHTTPRequestOperation.h */,
				116CB8F714EF4E9F003AB446 /* AFHTTPRequestOperation.m */,
				116CB8F814EF4E9F003AB446 /* AFImageRequestOperation.h */,
				116CB8F914EF4E9F003AB446 /* AFImageRequestOperation.m */,
				116CB8FA14EF4E9F003AB446 /* AFJSONRequestOperation.h */,
				116CB8FB14EF4E9F003AB446 /* AFJSONRequestOperation.m */,
				116CB8FC14EF4E9F003AB446 /* AFJSONUtilities.h */,
				116CB8FD14EF4E9F003AB446 /* AFJSONUtilities.m */,
				116CB8FE14EF4E9F003AB446 /* AFNetworkActivityIndicatorManager.h */,
				116CB8FF14EF4E9F003AB446 /* AFNetworkActivityIndicatorManager.m */,
				116CB90014EF4E9F003AB446 /* AFNetworking.h */,
				116CB90114EF4E9F003AB446 /* AFPropertyListRequestOperation.h */,
				116CB90214EF4E9F003AB446 /* AFPropertyListRequestOperation.m */,
				116CB90314EF4E9F003AB446 /* AFURLConnectionOperation.h */,
				116CB90414EF4E9F003AB446 /* AFURLConnectionOperation.m */,
				116CB90514EF4E9F003AB446 /* AFXMLRequestOperation.h */,
				116CB90614EF4E9F003AB446 /* AFXMLRequestOperation.m */,
				116CB90714EF4E9F003AB446 /* UIImageView+AFNetworking.h */,
				116CB90814EF4E9F003AB446 /* UIImageView+AFNetworking.m */,
			);
			path = AFNetworking;
			sourceTree = "<group>";
		};
		117C48C414EB64F60049452F /* ABTableViewCell */ = {
			isa = PBXGroup;
			children = (
				117C48CD14EB652F0049452F /* ABTableViewCell.h */,
				117C48CE14EB652F0049452F /* ABTableViewCell.m */,
			);
			path = ABTableViewCell;
			sourceTree = "<group>";
		};
		117C48D814EB68D10049452F /* FlurryAnalytics */ = {
			isa = PBXGroup;
			children = (
				117C48D914EB68D10049452F /* FlurryAnalytics.h */,
				117C48DA14EB68D10049452F /* libFlurryAnalytics.a */,
			);
			path = FlurryAnalytics;
			sourceTree = "<group>";
		};
		11AE97FF14EB602400F7ED46 /* Models */ = {
			isa = PBXGroup;
			children = (
				114ADBAF14EC41C700463F0C /* Airport.h */,
				114ADBB014EC41C700463F0C /* Airport.m */,
				114ADBAB14EC354700463F0C /* Flight.h */,
				114ADBAC14EC354700463F0C /* Flight.m */,
			);
			name = Models;
			sourceTree = "<group>";
		};
		11AE980014EB602E00F7ED46 /* Controllers */ = {
			isa = PBXGroup;
			children = (
				11C5DFC014DCCDDF006D1DB4 /* FlightTrackViewController.h */,
				11C5DFC114DCCDDF006D1DB4 /* FlightTrackViewController.m */,
				11C5DFBD14DCCDDF006D1DB4 /* FlightLookupViewController.h */,
				11C5DFBE14DCCDDF006D1DB4 /* FlightLookupViewController.m */,
			);
			name = Controllers;
			sourceTree = "<group>";
		};
		11AE980114EB603700F7ED46 /* Views */ = {
			isa = PBXGroup;
			children = (
				116CBA5414F343A8003AB446 /* FlightResultTableViewCell.h */,
				116CBA5514F343A8003AB446 /* FlightResultTableViewCell.m */,
			);
			name = Views;
			sourceTree = "<group>";
		};
		11AE980214EB606500F7ED46 /* Classes */ = {
			isa = PBXGroup;
			children = (
				11C5DFBA14DCCDDF006D1DB4 /* AppDelegate.h */,
				11C5DFBB14DCCDDF006D1DB4 /* AppDelegate.m */,
				11AE980814EB613D00F7ED46 /* Categories */,
				117C48D514EB66140049452F /* Constants.h */,
				117C48D614EB66140049452F /* Constants.m */,
				11AE980014EB602E00F7ED46 /* Controllers */,
				11AE97FF14EB602400F7ED46 /* Models */,
				11AE980114EB603700F7ED46 /* Views */,
				116CB92614EF7E31003AB446 /* JustLandedAPIClient.h */,
				116CB92714EF7E31003AB446 /* JustLandedAPIClient.m */,
				116CB96214EF85F0003AB446 /* JustLandedSession.h */,
				116CB96314EF85F0003AB446 /* JustLandedSession.m */,
			);
			name = Classes;
			sourceTree = "<group>";
		};
		11AE980414EB60DD00F7ED46 /* Resources */ = {
			isa = PBXGroup;
			children = (
				11AE980714EB610200F7ED46 /* Fonts */,
				11AE980614EB60EB00F7ED46 /* Images */,
				11AE980514EB60E500F7ED46 /* Sounds */,
			);
			name = Resources;
			sourceTree = "<group>";
		};
		11AE980514EB60E500F7ED46 /* Sounds */ = {
			isa = PBXGroup;
			children = (
			);
			name = Sounds;
			sourceTree = "<group>";
		};
		11AE980614EB60EB00F7ED46 /* Images */ = {
			isa = PBXGroup;
			children = (
			);
			name = Images;
			sourceTree = "<group>";
		};
		11AE980714EB610200F7ED46 /* Fonts */ = {
			isa = PBXGroup;
			children = (
			);
			name = Fonts;
			sourceTree = "<group>";
		};
		11AE980814EB613D00F7ED46 /* Categories */ = {
			isa = PBXGroup;
			children = (
				116CB9DB14F058EE003AB446 /* NSDate+SLExtensions.h */,
				116CB9DC14F058EE003AB446 /* NSDate+SLExtensions.m */,
				116CB9DD14F058EE003AB446 /* NSDictionary+SLExtensions.h */,
				116CB9DE14F058EE003AB446 /* NSDictionary+SLExtensions.m */,
			);
			name = Categories;
			sourceTree = "<group>";
		};
		11C5DF9C14DCCDDF006D1DB4 = {
			isa = PBXGroup;
			children = (
				117C48C414EB64F60049452F /* ABTableViewCell */,
				116CB8F314EF4E9F003AB446 /* AFNetworking */,
				117C48D814EB68D10049452F /* FlurryAnalytics */,
				11C5DFAA14DCCDDF006D1DB4 /* Frameworks */,
				11C5DFB114DCCDDF006D1DB4 /* JustLanded */,
				11C5DFD514DCCDDF006D1DB4 /* JustLandedTests */,
				11C5DFA814DCCDDF006D1DB4 /* Products */,
			);
			sourceTree = "<group>";
		};
		11C5DFA814DCCDDF006D1DB4 /* Products */ = {
			isa = PBXGroup;
			children = (
				11C5DFA714DCCDDF006D1DB4 /* JustLanded.app */,
				11C5DFCE14DCCDDF006D1DB4 /* JustLandedTests.octest */,
				117C48C214EB64F60049452F /* libABTableViewCell.a */,
				116CB8E814EF4E67003AB446 /* libAFNetworking.a */,
			);
			name = Products;
			sourceTree = "<group>";
		};
		11C5DFAA14DCCDDF006D1DB4 /* Frameworks */ = {
			isa = PBXGroup;
			children = (
				11AE97FB14EB5FF300F7ED46 /* Security.framework */,
				11AE97F814EB5FDA00F7ED46 /* QuartzCore.framework */,
				11AE97F414EB5FAA00F7ED46 /* AudioToolbox.framework */,
				11AE97F214EB5FA400F7ED46 /* CoreLocation.framework */,
				11AE97AB14EB5AFC00F7ED46 /* libz.dylib */,
				11AE97A914EB5ADE00F7ED46 /* SystemConfiguration.framework */,
				11AE97A714EB5AD600F7ED46 /* MobileCoreServices.framework */,
				11AE979C14EB5A2200F7ED46 /* CFNetwork.framework */,
				11C5DFAB14DCCDDF006D1DB4 /* UIKit.framework */,
				11C5DFAD14DCCDDF006D1DB4 /* Foundation.framework */,
				11C5DFAF14DCCDDF006D1DB4 /* CoreGraphics.framework */,
				11C5DFCF14DCCDDF006D1DB4 /* SenTestingKit.framework */,
			);
			name = Frameworks;
			sourceTree = "<group>";
		};
		11C5DFB114DCCDDF006D1DB4 /* JustLanded */ = {
			isa = PBXGroup;
			children = (
				11AE980414EB60DD00F7ED46 /* Resources */,
				11C5DFB214DCCDDF006D1DB4 /* Supporting Files */,
				11AE980214EB606500F7ED46 /* Classes */,
			);
			path = JustLanded;
			sourceTree = "<group>";
		};
		11C5DFB214DCCDDF006D1DB4 /* Supporting Files */ = {
			isa = PBXGroup;
			children = (
				11C5DFB314DCCDDF006D1DB4 /* JustLanded-Info.plist */,
				11C5DFB414DCCDDF006D1DB4 /* InfoPlist.strings */,
				11C5DFB714DCCDDF006D1DB4 /* main.m */,
				11C5DFB914DCCDDF006D1DB4 /* JustLanded-Prefix.pch */,
			);
			name = "Supporting Files";
			sourceTree = "<group>";
		};
		11C5DFD514DCCDDF006D1DB4 /* JustLandedTests */ = {
			isa = PBXGroup;
			children = (
				11C5DFDB14DCCDDF006D1DB4 /* JustLandedTests.h */,
				11C5DFDC14DCCDDF006D1DB4 /* JustLandedTests.m */,
				11C5DFD614DCCDDF006D1DB4 /* Supporting Files */,
			);
			path = JustLandedTests;
			sourceTree = "<group>";
		};
		11C5DFD614DCCDDF006D1DB4 /* Supporting Files */ = {
			isa = PBXGroup;
			children = (
				11C5DFD714DCCDDF006D1DB4 /* JustLandedTests-Info.plist */,
				11C5DFD814DCCDDF006D1DB4 /* InfoPlist.strings */,
			);
			name = "Supporting Files";
			sourceTree = "<group>";
		};
/* End PBXGroup section */

/* Begin PBXHeadersBuildPhase section */
		116CB8E614EF4E67003AB446 /* Headers */ = {
			isa = PBXHeadersBuildPhase;
			buildActionMask = 2147483647;
			files = (
				116CB90914EF4E9F003AB446 /* AFHTTPClient.h in Headers */,
				116CB90B14EF4E9F003AB446 /* AFHTTPRequestOperation.h in Headers */,
				116CB90D14EF4E9F003AB446 /* AFImageRequestOperation.h in Headers */,
				116CB90F14EF4E9F003AB446 /* AFJSONRequestOperation.h in Headers */,
				116CB91114EF4E9F003AB446 /* AFJSONUtilities.h in Headers */,
				116CB91314EF4E9F003AB446 /* AFNetworkActivityIndicatorManager.h in Headers */,
				116CB91514EF4E9F003AB446 /* AFNetworking.h in Headers */,
				116CB91614EF4E9F003AB446 /* AFPropertyListRequestOperation.h in Headers */,
				116CB91814EF4E9F003AB446 /* AFURLConnectionOperation.h in Headers */,
				116CB91A14EF4E9F003AB446 /* AFXMLRequestOperation.h in Headers */,
				116CB91C14EF4E9F003AB446 /* UIImageView+AFNetworking.h in Headers */,
			);
			runOnlyForDeploymentPostprocessing = 0;
		};
		117C48C014EB64F60049452F /* Headers */ = {
			isa = PBXHeadersBuildPhase;
			buildActionMask = 2147483647;
			files = (
			);
			runOnlyForDeploymentPostprocessing = 0;
		};
/* End PBXHeadersBuildPhase section */

/* Begin PBXNativeTarget section */
		116CB8E714EF4E67003AB446 /* AFNetworking */ = {
			isa = PBXNativeTarget;
			buildConfigurationList = 116CB8F014EF4E67003AB446 /* Build configuration list for PBXNativeTarget "AFNetworking" */;
			buildPhases = (
				116CB8E414EF4E67003AB446 /* Sources */,
				116CB8E514EF4E67003AB446 /* Frameworks */,
				116CB8E614EF4E67003AB446 /* Headers */,
			);
			buildRules = (
			);
			dependencies = (
			);
			name = AFNetworking;
			productName = AFNetworking;
			productReference = 116CB8E814EF4E67003AB446 /* libAFNetworking.a */;
			productType = "com.apple.product-type.library.static";
		};
		117C48C114EB64F60049452F /* ABTableViewCell */ = {
			isa = PBXNativeTarget;
			buildConfigurationList = 117C48CA14EB64F60049452F /* Build configuration list for PBXNativeTarget "ABTableViewCell" */;
			buildPhases = (
				117C48BE14EB64F60049452F /* Sources */,
				117C48BF14EB64F60049452F /* Frameworks */,
				117C48C014EB64F60049452F /* Headers */,
			);
			buildRules = (
			);
			dependencies = (
			);
			name = ABTableViewCell;
			productName = ABTableViewCell;
			productReference = 117C48C214EB64F60049452F /* libABTableViewCell.a */;
			productType = "com.apple.product-type.library.static";
		};
		11C5DFA614DCCDDF006D1DB4 /* JustLanded */ = {
			isa = PBXNativeTarget;
			buildConfigurationList = 11C5DFE014DCCDDF006D1DB4 /* Build configuration list for PBXNativeTarget "JustLanded" */;
			buildPhases = (
				11C5DFA314DCCDDF006D1DB4 /* Sources */,
				11C5DFA414DCCDDF006D1DB4 /* Frameworks */,
				11C5DFA514DCCDDF006D1DB4 /* Resources */,
			);
			buildRules = (
			);
			dependencies = (
				116CB91F14EF4F70003AB446 /* PBXTargetDependency */,
				117C48D314EB65700049452F /* PBXTargetDependency */,
			);
			name = JustLanded;
			productName = JustLanded;
			productReference = 11C5DFA714DCCDDF006D1DB4 /* JustLanded.app */;
			productType = "com.apple.product-type.application";
		};
		11C5DFCD14DCCDDF006D1DB4 /* JustLandedTests */ = {
			isa = PBXNativeTarget;
			buildConfigurationList = 11C5DFE314DCCDDF006D1DB4 /* Build configuration list for PBXNativeTarget "JustLandedTests" */;
			buildPhases = (
				11C5DFC914DCCDDF006D1DB4 /* Sources */,
				11C5DFCA14DCCDDF006D1DB4 /* Frameworks */,
				11C5DFCB14DCCDDF006D1DB4 /* Resources */,
				11C5DFCC14DCCDDF006D1DB4 /* ShellScript */,
			);
			buildRules = (
			);
			dependencies = (
				11C5DFD414DCCDDF006D1DB4 /* PBXTargetDependency */,
			);
			name = JustLandedTests;
			productName = JustLandedTests;
			productReference = 11C5DFCE14DCCDDF006D1DB4 /* JustLandedTests.octest */;
			productType = "com.apple.product-type.bundle";
		};
/* End PBXNativeTarget section */

/* Begin PBXProject section */
		11C5DF9E14DCCDDF006D1DB4 /* Project object */ = {
			isa = PBXProject;
			attributes = {
				LastUpgradeCheck = 0420;
				ORGANIZATIONNAME = SimplyListed;
			};
			buildConfigurationList = 11C5DFA114DCCDDF006D1DB4 /* Build configuration list for PBXProject "JustLanded" */;
			compatibilityVersion = "Xcode 3.2";
			developmentRegion = English;
			hasScannedForEncodings = 0;
			knownRegions = (
				en,
			);
			mainGroup = 11C5DF9C14DCCDDF006D1DB4;
			productRefGroup = 11C5DFA814DCCDDF006D1DB4 /* Products */;
			projectDirPath = "";
			projectRoot = "";
			targets = (
				11C5DFA614DCCDDF006D1DB4 /* JustLanded */,
				11C5DFCD14DCCDDF006D1DB4 /* JustLandedTests */,
				117C48C114EB64F60049452F /* ABTableViewCell */,
				116CB8E714EF4E67003AB446 /* AFNetworking */,
			);
		};
/* End PBXProject section */

/* Begin PBXResourcesBuildPhase section */
		11C5DFA514DCCDDF006D1DB4 /* Resources */ = {
			isa = PBXResourcesBuildPhase;
			buildActionMask = 2147483647;
			files = (
				11C5DFB614DCCDDF006D1DB4 /* InfoPlist.strings in Resources */,
			);
			runOnlyForDeploymentPostprocessing = 0;
		};
		11C5DFCB14DCCDDF006D1DB4 /* Resources */ = {
			isa = PBXResourcesBuildPhase;
			buildActionMask = 2147483647;
			files = (
				11C5DFDA14DCCDDF006D1DB4 /* InfoPlist.strings in Resources */,
			);
			runOnlyForDeploymentPostprocessing = 0;
		};
/* End PBXResourcesBuildPhase section */

/* Begin PBXShellScriptBuildPhase section */
		11C5DFCC14DCCDDF006D1DB4 /* ShellScript */ = {
			isa = PBXShellScriptBuildPhase;
			buildActionMask = 2147483647;
			files = (
			);
			inputPaths = (
			);
			outputPaths = (
			);
			runOnlyForDeploymentPostprocessing = 0;
			shellPath = /bin/sh;
			shellScript = "# Run the unit tests in this test bundle.\n\"${SYSTEM_DEVELOPER_DIR}/Tools/RunUnitTests\"\n";
		};
/* End PBXShellScriptBuildPhase section */

/* Begin PBXSourcesBuildPhase section */
		116CB8E414EF4E67003AB446 /* Sources */ = {
			isa = PBXSourcesBuildPhase;
			buildActionMask = 2147483647;
			files = (
				116CB90A14EF4E9F003AB446 /* AFHTTPClient.m in Sources */,
				116CB90C14EF4E9F003AB446 /* AFHTTPRequestOperation.m in Sources */,
				116CB90E14EF4E9F003AB446 /* AFImageRequestOperation.m in Sources */,
				116CB91014EF4E9F003AB446 /* AFJSONRequestOperation.m in Sources */,
				116CB91214EF4E9F003AB446 /* AFJSONUtilities.m in Sources */,
				116CB91414EF4E9F003AB446 /* AFNetworkActivityIndicatorManager.m in Sources */,
				116CB91714EF4E9F003AB446 /* AFPropertyListRequestOperation.m in Sources */,
				116CB91914EF4E9F003AB446 /* AFURLConnectionOperation.m in Sources */,
				116CB91B14EF4E9F003AB446 /* AFXMLRequestOperation.m in Sources */,
				116CB91D14EF4E9F003AB446 /* UIImageView+AFNetworking.m in Sources */,
			);
			runOnlyForDeploymentPostprocessing = 0;
		};
		117C48BE14EB64F60049452F /* Sources */ = {
			isa = PBXSourcesBuildPhase;
			buildActionMask = 2147483647;
			files = (
				117C48D014EB652F0049452F /* ABTableViewCell.m in Sources */,
			);
			runOnlyForDeploymentPostprocessing = 0;
		};
		11C5DFA314DCCDDF006D1DB4 /* Sources */ = {
			isa = PBXSourcesBuildPhase;
			buildActionMask = 2147483647;
			files = (
				11C5DFB814DCCDDF006D1DB4 /* main.m in Sources */,
				11C5DFBC14DCCDDF006D1DB4 /* AppDelegate.m in Sources */,
				11C5DFBF14DCCDDF006D1DB4 /* FlightLookupViewController.m in Sources */,
				11C5DFC214DCCDDF006D1DB4 /* FlightTrackViewController.m in Sources */,
				117C48D714EB66140049452F /* Constants.m in Sources */,
				114ADBAD14EC354700463F0C /* Flight.m in Sources */,
				114ADBB114EC41C700463F0C /* Airport.m in Sources */,
				116CB92814EF7E31003AB446 /* JustLandedAPIClient.m in Sources */,
				116CB96414EF85F0003AB446 /* JustLandedSession.m in Sources */,
				116CB9DF14F058EE003AB446 /* NSDate+SLExtensions.m in Sources */,
				116CB9E014F058EE003AB446 /* NSDictionary+SLExtensions.m in Sources */,
				116CBA5614F343A8003AB446 /* FlightResultTableViewCell.m in Sources */,
			);
			runOnlyForDeploymentPostprocessing = 0;
		};
		11C5DFC914DCCDDF006D1DB4 /* Sources */ = {
			isa = PBXSourcesBuildPhase;
			buildActionMask = 2147483647;
			files = (
				11C5DFDD14DCCDDF006D1DB4 /* JustLandedTests.m in Sources */,
			);
			runOnlyForDeploymentPostprocessing = 0;
		};
/* End PBXSourcesBuildPhase section */

/* Begin PBXTargetDependency section */
		116CB91F14EF4F70003AB446 /* PBXTargetDependency */ = {
			isa = PBXTargetDependency;
			target = 116CB8E714EF4E67003AB446 /* AFNetworking */;
			targetProxy = 116CB91E14EF4F70003AB446 /* PBXContainerItemProxy */;
		};
		117C48D314EB65700049452F /* PBXTargetDependency */ = {
			isa = PBXTargetDependency;
			target = 117C48C114EB64F60049452F /* ABTableViewCell */;
			targetProxy = 117C48D214EB65700049452F /* PBXContainerItemProxy */;
		};
		11C5DFD414DCCDDF006D1DB4 /* PBXTargetDependency */ = {
			isa = PBXTargetDependency;
			target = 11C5DFA614DCCDDF006D1DB4 /* JustLanded */;
			targetProxy = 11C5DFD314DCCDDF006D1DB4 /* PBXContainerItemProxy */;
		};
/* End PBXTargetDependency section */

/* Begin PBXVariantGroup section */
		11C5DFB414DCCDDF006D1DB4 /* InfoPlist.strings */ = {
			isa = PBXVariantGroup;
			children = (
				11C5DFB514DCCDDF006D1DB4 /* en */,
			);
			name = InfoPlist.strings;
			sourceTree = "<group>";
		};
		11C5DFD814DCCDDF006D1DB4 /* InfoPlist.strings */ = {
			isa = PBXVariantGroup;
			children = (
				11C5DFD914DCCDDF006D1DB4 /* en */,
			);
			name = InfoPlist.strings;
			sourceTree = "<group>";
		};
/* End PBXVariantGroup section */

/* Begin XCBuildConfiguration section */
		116CB8F114EF4E67003AB446 /* Debug */ = {
			isa = XCBuildConfiguration;
			buildSettings = {
				CLANG_ENABLE_OBJC_ARC = NO;
				DSTROOT = /tmp/AFNetworking.dst;
				OTHER_LDFLAGS = "-ObjC";
				PRODUCT_NAME = "$(TARGET_NAME)";
				SKIP_INSTALL = YES;
			};
			name = Debug;
		};
		116CB8F214EF4E67003AB446 /* Release */ = {
			isa = XCBuildConfiguration;
			buildSettings = {
				CLANG_ENABLE_OBJC_ARC = NO;
				DSTROOT = /tmp/AFNetworking.dst;
				OTHER_LDFLAGS = "-ObjC";
				PRODUCT_NAME = "$(TARGET_NAME)";
				SKIP_INSTALL = YES;
			};
			name = Release;
		};
		117C48CB14EB64F60049452F /* Debug */ = {
			isa = XCBuildConfiguration;
			buildSettings = {
				CLANG_ENABLE_OBJC_ARC = NO;
				DSTROOT = /tmp/ABTableViewCell.dst;
				GCC_PRECOMPILE_PREFIX_HEADER = YES;
				GCC_PREFIX_HEADER = "ABTableViewCell/ABTableViewCell-Prefix.pch";
				OTHER_LDFLAGS = "-ObjC";
				PRODUCT_NAME = "$(TARGET_NAME)";
				SKIP_INSTALL = YES;
			};
			name = Debug;
		};
		117C48CC14EB64F60049452F /* Release */ = {
			isa = XCBuildConfiguration;
			buildSettings = {
				CLANG_ENABLE_OBJC_ARC = NO;
				DSTROOT = /tmp/ABTableViewCell.dst;
				GCC_PRECOMPILE_PREFIX_HEADER = YES;
				GCC_PREFIX_HEADER = "ABTableViewCell/ABTableViewCell-Prefix.pch";
				OTHER_LDFLAGS = "-ObjC";
				PRODUCT_NAME = "$(TARGET_NAME)";
				SKIP_INSTALL = YES;
			};
			name = Release;
		};
		11C5DFDE14DCCDDF006D1DB4 /* Debug */ = {
			isa = XCBuildConfiguration;
			buildSettings = {
				ALWAYS_SEARCH_USER_PATHS = NO;
				ARCHS = "$(ARCHS_STANDARD_32_BIT)";
				CLANG_ENABLE_OBJC_ARC = YES;
				"CODE_SIGN_IDENTITY[sdk=iphoneos*]" = "iPhone Developer";
				COPY_PHASE_STRIP = NO;
				GCC_C_LANGUAGE_STANDARD = gnu99;
				GCC_DYNAMIC_NO_PIC = NO;
				GCC_OPTIMIZATION_LEVEL = 0;
				GCC_PREPROCESSOR_DEFINITIONS = (
					"DEBUG=1",
					"$(inherited)",
				);
				GCC_SYMBOLS_PRIVATE_EXTERN = NO;
				GCC_VERSION = com.apple.compilers.llvm.clang.1_0;
				GCC_WARN_ABOUT_MISSING_PROTOTYPES = YES;
				GCC_WARN_ABOUT_RETURN_TYPE = YES;
				GCC_WARN_UNUSED_VARIABLE = YES;
				IPHONEOS_DEPLOYMENT_TARGET = 5.0;
				SDKROOT = iphoneos;
			};
			name = Debug;
		};
		11C5DFDF14DCCDDF006D1DB4 /* Release */ = {
			isa = XCBuildConfiguration;
			buildSettings = {
				ALWAYS_SEARCH_USER_PATHS = NO;
				ARCHS = "$(ARCHS_STANDARD_32_BIT)";
				CLANG_ENABLE_OBJC_ARC = YES;
				"CODE_SIGN_IDENTITY[sdk=iphoneos*]" = "iPhone Developer";
				COPY_PHASE_STRIP = YES;
				GCC_C_LANGUAGE_STANDARD = gnu99;
				GCC_VERSION = com.apple.compilers.llvm.clang.1_0;
				GCC_WARN_ABOUT_MISSING_PROTOTYPES = YES;
				GCC_WARN_ABOUT_RETURN_TYPE = YES;
				GCC_WARN_UNUSED_VARIABLE = YES;
				IPHONEOS_DEPLOYMENT_TARGET = 5.0;
				OTHER_CFLAGS = "-DNS_BLOCK_ASSERTIONS=1";
				SDKROOT = iphoneos;
				VALIDATE_PRODUCT = YES;
			};
			name = Release;
		};
		11C5DFE114DCCDDF006D1DB4 /* Debug */ = {
			isa = XCBuildConfiguration;
			buildSettings = {
				GCC_PRECOMPILE_PREFIX_HEADER = YES;
				GCC_PREFIX_HEADER = "JustLanded/JustLanded-Prefix.pch";
				GCC_PREPROCESSOR_DEFINITIONS = (
					LOCAL,
					"DEBUG=1",
					"$(inherited)",
				);
				INFOPLIST_FILE = "JustLanded/JustLanded-Info.plist";
				IPHONEOS_DEPLOYMENT_TARGET = 5.0;
				LIBRARY_SEARCH_PATHS = (
					"$(inherited)",
					"\"$(SRCROOT)/FlurryAnalytics\"",
				);
				PRODUCT_NAME = "$(TARGET_NAME)";
				WRAPPER_EXTENSION = app;
			};
			name = Debug;
		};
		11C5DFE214DCCDDF006D1DB4 /* Release */ = {
			isa = XCBuildConfiguration;
			buildSettings = {
				GCC_PRECOMPILE_PREFIX_HEADER = YES;
				GCC_PREFIX_HEADER = "JustLanded/JustLanded-Prefix.pch";
				INFOPLIST_FILE = "JustLanded/JustLanded-Info.plist";
				IPHONEOS_DEPLOYMENT_TARGET = 5.0;
				LIBRARY_SEARCH_PATHS = (
					"$(inherited)",
					"\"$(SRCROOT)/FlurryAnalytics\"",
				);
				PRODUCT_NAME = "$(TARGET_NAME)";
				WRAPPER_EXTENSION = app;
			};
			name = Release;
		};
		11C5DFE414DCCDDF006D1DB4 /* Debug */ = {
			isa = XCBuildConfiguration;
			buildSettings = {
				BUNDLE_LOADER = "$(BUILT_PRODUCTS_DIR)/JustLanded.app/JustLanded";
				FRAMEWORK_SEARCH_PATHS = (
					"$(SDKROOT)/Developer/Library/Frameworks",
					"$(DEVELOPER_LIBRARY_DIR)/Frameworks",
				);
				GCC_PRECOMPILE_PREFIX_HEADER = YES;
				GCC_PREFIX_HEADER = "JustLanded/JustLanded-Prefix.pch";
				INFOPLIST_FILE = "JustLandedTests/JustLandedTests-Info.plist";
				PRODUCT_NAME = "$(TARGET_NAME)";
				TEST_HOST = "$(BUNDLE_LOADER)";
				WRAPPER_EXTENSION = octest;
			};
			name = Debug;
		};
		11C5DFE514DCCDDF006D1DB4 /* Release */ = {
			isa = XCBuildConfiguration;
			buildSettings = {
				BUNDLE_LOADER = "$(BUILT_PRODUCTS_DIR)/JustLanded.app/JustLanded";
				FRAMEWORK_SEARCH_PATHS = (
					"$(SDKROOT)/Developer/Library/Frameworks",
					"$(DEVELOPER_LIBRARY_DIR)/Frameworks",
				);
				GCC_PRECOMPILE_PREFIX_HEADER = YES;
				GCC_PREFIX_HEADER = "JustLanded/JustLanded-Prefix.pch";
				INFOPLIST_FILE = "JustLandedTests/JustLandedTests-Info.plist";
				PRODUCT_NAME = "$(TARGET_NAME)";
				TEST_HOST = "$(BUNDLE_LOADER)";
				WRAPPER_EXTENSION = octest;
			};
			name = Release;
		};
/* End XCBuildConfiguration section */

/* Begin XCConfigurationList section */
		116CB8F014EF4E67003AB446 /* Build configuration list for PBXNativeTarget "AFNetworking" */ = {
			isa = XCConfigurationList;
			buildConfigurations = (
				116CB8F114EF4E67003AB446 /* Debug */,
				116CB8F214EF4E67003AB446 /* Release */,
			);
			defaultConfigurationIsVisible = 0;
			defaultConfigurationName = Release;
		};
		117C48CA14EB64F60049452F /* Build configuration list for PBXNativeTarget "ABTableViewCell" */ = {
			isa = XCConfigurationList;
			buildConfigurations = (
				117C48CB14EB64F60049452F /* Debug */,
				117C48CC14EB64F60049452F /* Release */,
			);
			defaultConfigurationIsVisible = 0;
			defaultConfigurationName = Release;
		};
		11C5DFA114DCCDDF006D1DB4 /* Build configuration list for PBXProject "JustLanded" */ = {
			isa = XCConfigurationList;
			buildConfigurations = (
				11C5DFDE14DCCDDF006D1DB4 /* Debug */,
				11C5DFDF14DCCDDF006D1DB4 /* Release */,
			);
			defaultConfigurationIsVisible = 0;
			defaultConfigurationName = Release;
		};
		11C5DFE014DCCDDF006D1DB4 /* Build configuration list for PBXNativeTarget "JustLanded" */ = {
			isa = XCConfigurationList;
			buildConfigurations = (
				11C5DFE114DCCDDF006D1DB4 /* Debug */,
				11C5DFE214DCCDDF006D1DB4 /* Release */,
			);
			defaultConfigurationIsVisible = 0;
			defaultConfigurationName = Release;
		};
		11C5DFE314DCCDDF006D1DB4 /* Build configuration list for PBXNativeTarget "JustLandedTests" */ = {
			isa = XCConfigurationList;
			buildConfigurations = (
				11C5DFE414DCCDDF006D1DB4 /* Debug */,
				11C5DFE514DCCDDF006D1DB4 /* Release */,
			);
			defaultConfigurationIsVisible = 0;
			defaultConfigurationName = Release;
		};
/* End XCConfigurationList section */
	};
	rootObject = 11C5DF9E14DCCDDF006D1DB4 /* Project object */;
}
